PODS:
  - Alamofire (5.0.2)
  - AlamofireImage (4.0.1):
    - Alamofire (< 6.0.0, >= 5.0.2)
  - Drift (2.3.1):
    - AlamofireImage (~> 4.0)
    - Starscream (= 3.1.1)
  - Starscream (3.1.1)

DEPENDENCIES:
  - AlamofireImage (~> 4.0)
  - Drift (from `.`)
  - Starscream (= 3.1.1)

SPEC REPOS:
  trunk:
    - Alamofire
    - AlamofireImage
    - Starscream

EXTERNAL SOURCES:
  Drift:
    :path: "."

SPEC CHECKSUMS:
  Alamofire: 3ba7a4db18b4f62c4a1c0e1cb39d7f3d52e10ada
  AlamofireImage: a8a5289046ac46b4d0183bcf73ce12ce30564cb7
  Drift: c2c7f665c0ef51e22a1243d4bc85073228898e42
  Starscream: 4bb2f9942274833f7b4d296a55504dcfc7edb7b0

PODFILE CHECKSUM: 7cd5be47ac4451914767678f2dfb15656815a2f0

COCOAPODS: 1.8.4
