<?xml version="1.0" encoding="UTF-8"?>
<!DOCTYPE plist PUBLIC "-//Apple//DTD PLIST 1.0//EN" "http://www.apple.com/DTDs/PropertyList-1.0.dtd">
<plist version="1.0">
<dict>
	<key>archiveVersion</key>
	<string>1</string>
	<key>classes</key>
	<dict/>
	<key>objectVersion</key>
	<string>46</string>
	<key>objects</key>
	<dict>
		<key>0E89DD2C78E3927A8BA526F7</key>
		<dict>
			<key>includeInIndex</key>
			<string>1</string>
			<key>isa</key>
			<string>PBXFileReference</string>
			<key>lastKnownFileType</key>
			<string>text.xcconfig</string>
			<key>name</key>
			<string>Pods-DriftTests.release.xcconfig</string>
			<key>path</key>
			<string>Pods/Target Support Files/Pods-DriftTests/Pods-DriftTests.release.xcconfig</string>
			<key>sourceTree</key>
			<string>&lt;group&gt;</string>
		</dict>
		<key>1151C0FD8C2ADE2DDED5A91C</key>
		<dict>
			<key>buildActionMask</key>
			<string>2147483647</string>
			<key>files</key>
			<array/>
			<key>inputPaths</key>
			<array/>
			<key>isa</key>
			<string>PBXShellScriptBuildPhase</string>
			<key>name</key>
			<string>Check Pods Manifest.lock</string>
			<key>outputPaths</key>
			<array/>
			<key>runOnlyForDeploymentPostprocessing</key>
			<string>0</string>
			<key>shellPath</key>
			<string>/bin/sh</string>
			<key>shellScript</key>
			<string>diff "${PODS_ROOT}/../Podfile.lock" "${PODS_ROOT}/Manifest.lock" &gt; /dev/null
if [[ $? != 0 ]] ; then
    cat &lt;&lt; EOM
error: The sandbox is not in sync with the Podfile.lock. Run 'pod install' or update your CocoaPods installation.
EOM
    exit 1
fi
</string>
			<key>showEnvVarsInLog</key>
			<string>0</string>
		</dict>
		<key>1A77B153EA4A090C26BDFB17</key>
		<dict>
			<key>fileRef</key>
			<string>32D73F6DDE7993AB46ED02AA</string>
			<key>isa</key>
			<string>PBXBuildFile</string>
		</dict>
		<key>2CF43EA21C7E045F008E6748</key>
		<dict>
			<key>fileEncoding</key>
			<string>4</string>
			<key>isa</key>
			<string>PBXFileReference</string>
			<key>lastKnownFileType</key>
			<string>sourcecode.swift</string>
			<key>name</key>
			<string>ColorPalette.swift</string>
			<key>path</key>
			<string>Drift/UI/ColorPalette.swift</string>
			<key>sourceTree</key>
			<string>SOURCE_ROOT</string>
		</dict>
		<key>2CF43EA31C7E045F008E6748</key>
		<dict>
			<key>fileRef</key>
			<string>2CF43EA21C7E045F008E6748</string>
			<key>isa</key>
			<string>PBXBuildFile</string>
		</dict>
		<key>2CF43EA61C7E056F008E6748</key>
		<dict>
			<key>isa</key>
			<string>PBXFileReference</string>
			<key>lastKnownFileType</key>
			<string>folder.assetcatalog</string>
			<key>name</key>
			<string>DriftImages.xcassets</string>
			<key>path</key>
			<string>Drift/UI/DriftImages.xcassets</string>
			<key>sourceTree</key>
			<string>SOURCE_ROOT</string>
		</dict>
		<key>2CF43EA71C7E056F008E6748</key>
		<dict>
			<key>fileRef</key>
			<string>2CF43EA61C7E056F008E6748</string>
			<key>isa</key>
			<string>PBXBuildFile</string>
		</dict>
		<key>2EEFE2A425D17843C6767DBA</key>
		<dict>
			<key>includeInIndex</key>
			<string>1</string>
			<key>isa</key>
			<string>PBXFileReference</string>
			<key>lastKnownFileType</key>
			<string>text.xcconfig</string>
			<key>name</key>
			<string>Pods-Drift.debug.xcconfig</string>
			<key>path</key>
			<string>Pods/Target Support Files/Pods-Drift/Pods-Drift.debug.xcconfig</string>
			<key>sourceTree</key>
			<string>&lt;group&gt;</string>
		</dict>
		<key>32D73F6DDE7993AB46ED02AA</key>
		<dict>
			<key>explicitFileType</key>
			<string>wrapper.framework</string>
			<key>includeInIndex</key>
			<string>0</string>
			<key>isa</key>
			<string>PBXFileReference</string>
			<key>path</key>
			<string>Pods_Drift.framework</string>
			<key>sourceTree</key>
			<string>BUILT_PRODUCTS_DIR</string>
		</dict>
		<key>342547D9FDAE99DFAAD8E93E</key>
		<dict>
			<key>includeInIndex</key>
			<string>1</string>
			<key>isa</key>
			<string>PBXFileReference</string>
			<key>lastKnownFileType</key>
			<string>text.xcconfig</string>
			<key>name</key>
			<string>Pods-Drift.release.xcconfig</string>
			<key>path</key>
			<string>Pods/Target Support Files/Pods-Drift/Pods-Drift.release.xcconfig</string>
			<key>sourceTree</key>
			<string>&lt;group&gt;</string>
		</dict>
		<key>34DCE94A9E8799A6E95ADD38</key>
		<dict>
			<key>explicitFileType</key>
			<string>wrapper.framework</string>
			<key>includeInIndex</key>
			<string>0</string>
			<key>isa</key>
			<string>PBXFileReference</string>
			<key>path</key>
			<string>Pods_DriftTests.framework</string>
			<key>sourceTree</key>
			<string>BUILT_PRODUCTS_DIR</string>
		</dict>
		<key>47CEB45299C900D9C38437DF</key>
		<dict>
			<key>buildActionMask</key>
			<string>2147483647</string>
			<key>files</key>
			<array/>
			<key>inputPaths</key>
			<array/>
			<key>isa</key>
			<string>PBXShellScriptBuildPhase</string>
			<key>name</key>
			<string>Copy Pods Resources</string>
			<key>outputPaths</key>
			<array/>
			<key>runOnlyForDeploymentPostprocessing</key>
			<string>0</string>
			<key>shellPath</key>
			<string>/bin/sh</string>
			<key>shellScript</key>
			<string>"${SRCROOT}/Pods/Target Support Files/Pods-DriftTests/Pods-DriftTests-resources.sh"
</string>
			<key>showEnvVarsInLog</key>
			<string>0</string>
		</dict>
		<key>57905C95E9DB58034528569A</key>
		<dict>
			<key>fileRef</key>
			<string>34DCE94A9E8799A6E95ADD38</string>
			<key>isa</key>
			<string>PBXBuildFile</string>
		</dict>
		<key>580005EA68860E3F3B787A2D</key>
		<dict>
			<key>buildActionMask</key>
			<string>2147483647</string>
			<key>files</key>
			<array/>
			<key>inputPaths</key>
			<array/>
			<key>isa</key>
			<string>PBXShellScriptBuildPhase</string>
			<key>name</key>
			<string>Copy Pods Resources</string>
			<key>outputPaths</key>
			<array/>
			<key>runOnlyForDeploymentPostprocessing</key>
			<string>0</string>
			<key>shellPath</key>
			<string>/bin/sh</string>
			<key>shellScript</key>
			<string>"${SRCROOT}/Pods/Target Support Files/Pods-Drift/Pods-Drift-resources.sh"
</string>
			<key>showEnvVarsInLog</key>
			<string>0</string>
		</dict>
		<key>630144FC1C9A0F21002812AB</key>
		<dict>
			<key>buildActionMask</key>
			<string>2147483647</string>
			<key>files</key>
			<array/>
			<key>inputPaths</key>
			<array>
				<string>$(SRCROOT)/Carthage/Build/iOS/Gloss.framework</string>
				<string>$(SRCROOT)/Carthage/Checkouts/releases-ios/LayerKit.framework</string>
			</array>
			<key>isa</key>
			<string>PBXShellScriptBuildPhase</string>
			<key>outputPaths</key>
			<array/>
			<key>runOnlyForDeploymentPostprocessing</key>
			<string>0</string>
			<key>shellPath</key>
			<string>/bin/sh</string>
			<key>shellScript</key>
			<string>/usr/local/bin/carthage copy-frameworks</string>
		</dict>
		<key>630144FD1C9A117F002812AB</key>
		<dict>
			<key>buildActionMask</key>
			<string>2147483647</string>
			<key>files</key>
			<array/>
			<key>inputPaths</key>
			<array>
				<string>$(SRCROOT)/Carthage/Build/iOS/Gloss.framework</string>
				<string>$(SRCROOT)/Carthage/Checkouts/releases-ios/LayerKit.framework</string>
			</array>
			<key>isa</key>
			<string>PBXShellScriptBuildPhase</string>
			<key>name</key>
			<string>Carthage</string>
			<key>outputPaths</key>
			<array/>
			<key>runOnlyForDeploymentPostprocessing</key>
			<string>0</string>
			<key>shellPath</key>
			<string>/bin/sh</string>
			<key>shellScript</key>
			<string>/usr/local/bin/carthage copy-frameworks</string>
		</dict>
		<key>630205171C52A24E00C02F5E</key>
		<dict>
			<key>fileEncoding</key>
			<string>4</string>
			<key>isa</key>
			<string>PBXFileReference</string>
			<key>lastKnownFileType</key>
			<string>sourcecode.swift</string>
			<key>name</key>
			<string>CampaignsManager.swift</string>
			<key>path</key>
			<string>Drift/Managers/CampaignsManager.swift</string>
			<key>sourceTree</key>
			<string>SOURCE_ROOT</string>
		</dict>
		<key>630205181C52A24E00C02F5E</key>
		<dict>
			<key>fileRef</key>
			<string>630205171C52A24E00C02F5E</string>
			<key>isa</key>
			<string>PBXBuildFile</string>
		</dict>
		<key>630205191C52AC5100C02F5E</key>
		<dict>
			<key>fileEncoding</key>
			<string>4</string>
			<key>isa</key>
			<string>PBXFileReference</string>
			<key>lastKnownFileType</key>
			<string>sourcecode.swift</string>
			<key>name</key>
			<string>DriftManager.swift</string>
			<key>path</key>
			<string>Drift/Managers/DriftManager.swift</string>
			<key>sourceTree</key>
			<string>SOURCE_ROOT</string>
		</dict>
		<key>6302051A1C52AC5100C02F5E</key>
		<dict>
			<key>fileRef</key>
			<string>630205191C52AC5100C02F5E</string>
			<key>isa</key>
			<string>PBXBuildFile</string>
		</dict>
		<key>6302051B1C52AD7900C02F5E</key>
		<dict>
			<key>fileEncoding</key>
			<string>4</string>
			<key>isa</key>
			<string>PBXFileReference</string>
			<key>lastKnownFileType</key>
			<string>sourcecode.swift</string>
			<key>name</key>
			<string>Embed.swift</string>
			<key>path</key>
			<string>Drift/Models/Embed.swift</string>
			<key>sourceTree</key>
			<string>SOURCE_ROOT</string>
		</dict>
		<key>6302051C1C52AD7900C02F5E</key>
		<dict>
			<key>fileRef</key>
			<string>6302051B1C52AD7900C02F5E</string>
			<key>isa</key>
			<string>PBXBuildFile</string>
		</dict>
		<key>6302051D1C56739000C02F5E</key>
		<dict>
			<key>fileEncoding</key>
			<string>4</string>
			<key>isa</key>
			<string>PBXFileReference</string>
			<key>lastKnownFileType</key>
			<string>sourcecode.swift</string>
			<key>name</key>
			<string>User.swift</string>
			<key>path</key>
			<string>Drift/Models/User.swift</string>
			<key>sourceTree</key>
			<string>SOURCE_ROOT</string>
		</dict>
		<key>6302051E1C56739000C02F5E</key>
		<dict>
			<key>fileRef</key>
			<string>6302051D1C56739000C02F5E</string>
			<key>isa</key>
			<string>PBXBuildFile</string>
		</dict>
		<key>6306B51D1C5F91150003F9D3</key>
		<dict>
			<key>fileEncoding</key>
			<string>4</string>
			<key>isa</key>
			<string>PBXFileReference</string>
			<key>lastKnownFileType</key>
			<string>sourcecode.swift</string>
			<key>name</key>
			<string>NPSResponseAttributes.swift</string>
			<key>path</key>
			<string>Drift/Models/NPSResponseAttributes.swift</string>
			<key>sourceTree</key>
			<string>SOURCE_ROOT</string>
		</dict>
		<key>6306B51E1C5F91150003F9D3</key>
		<dict>
			<key>fileRef</key>
			<string>6306B51D1C5F91150003F9D3</string>
			<key>isa</key>
			<string>PBXBuildFile</string>
		</dict>
		<key>630E89611C57944400195062</key>
		<dict>
			<key>fileEncoding</key>
			<string>4</string>
			<key>isa</key>
			<string>PBXFileReference</string>
			<key>lastKnownFileType</key>
			<string>sourcecode.swift</string>
			<key>name</key>
			<string>PresentationManager.swift</string>
			<key>path</key>
			<string>Drift/Managers/PresentationManager.swift</string>
			<key>sourceTree</key>
			<string>SOURCE_ROOT</string>
		</dict>
		<key>630E89621C57944400195062</key>
		<dict>
			<key>fileRef</key>
			<string>630E89611C57944400195062</string>
			<key>isa</key>
			<string>PBXBuildFile</string>
		</dict>
		<key>630E89631C57B2E400195062</key>
		<dict>
			<key>children</key>
			<array>
				<string>636242681C7FBC9700632F0E</string>
				<string>2CF43EA61C7E056F008E6748</string>
				<string>6329CABF1C5933400059C678</string>
				<string>6329CABA1C58E6540059C678</string>
				<string>630E896B1C57E60400195062</string>
				<string>630E896A1C57E5F300195062</string>
				<string>630E89681C57C77300195062</string>
				<string>2CF43EA21C7E045F008E6748</string>
				<string>633920D41C62879100C3A3C2</string>
			</array>
			<key>isa</key>
			<string>PBXGroup</string>
			<key>name</key>
			<string>UI</string>
			<key>sourceTree</key>
			<string>&lt;group&gt;</string>
		</dict>
		<key>630E89641C57B99000195062</key>
		<dict>
			<key>fileEncoding</key>
			<string>4</string>
			<key>isa</key>
			<string>PBXFileReference</string>
			<key>lastKnownFileType</key>
			<string>file.xib</string>
			<key>name</key>
			<string>AnnouncmentView.xib</string>
			<key>path</key>
			<string>Drift/UI/NotificationView/AnnouncmentView.xib</string>
			<key>sourceTree</key>
			<string>SOURCE_ROOT</string>
		</dict>
		<key>630E89651C57B99000195062</key>
		<dict>
			<key>fileRef</key>
			<string>630E89641C57B99000195062</string>
			<key>isa</key>
			<string>PBXBuildFile</string>
		</dict>
		<key>630E89661C57B9AC00195062</key>
		<dict>
			<key>fileEncoding</key>
			<string>4</string>
			<key>isa</key>
			<string>PBXFileReference</string>
			<key>lastKnownFileType</key>
			<string>sourcecode.swift</string>
			<key>name</key>
			<string>AnnouncmentView.swift</string>
			<key>path</key>
			<string>Drift/UI/NotificationView/AnnouncmentView.swift</string>
			<key>sourceTree</key>
			<string>SOURCE_ROOT</string>
		</dict>
		<key>630E89671C57B9AC00195062</key>
		<dict>
			<key>fileRef</key>
			<string>630E89661C57B9AC00195062</string>
			<key>isa</key>
			<string>PBXBuildFile</string>
		</dict>
		<key>630E89681C57C77300195062</key>
		<dict>
			<key>fileEncoding</key>
			<string>4</string>
			<key>isa</key>
			<string>PBXFileReference</string>
			<key>lastKnownFileType</key>
			<string>sourcecode.swift</string>
			<key>name</key>
			<string>NibLoader.swift</string>
			<key>path</key>
			<string>Drift/UI/NibLoader.swift</string>
			<key>sourceTree</key>
			<string>SOURCE_ROOT</string>
		</dict>
		<key>630E89691C57C77300195062</key>
		<dict>
			<key>fileRef</key>
			<string>630E89681C57C77300195062</string>
			<key>isa</key>
			<string>PBXBuildFile</string>
		</dict>
		<key>630E896A1C57E5F300195062</key>
		<dict>
			<key>children</key>
			<array>
				<string>630E89641C57B99000195062</string>
				<string>630E89661C57B9AC00195062</string>
				<string>63359F9C1C774C22007321DA</string>
				<string>63359F9E1C774C31007321DA</string>
			</array>
			<key>isa</key>
			<string>PBXGroup</string>
			<key>name</key>
			<string>Announcment View</string>
			<key>sourceTree</key>
			<string>&lt;group&gt;</string>
		</dict>
		<key>630E896B1C57E60400195062</key>
		<dict>
			<key>children</key>
			<array>
				<string>630E896C1C57E63300195062</string>
				<string>630E896E1C57E64C00195062</string>
				<string>630E89701C57E90300195062</string>
			</array>
			<key>isa</key>
			<string>PBXGroup</string>
			<key>name</key>
			<string>NPS</string>
			<key>sourceTree</key>
			<string>&lt;group&gt;</string>
		</dict>
		<key>630E896C1C57E63300195062</key>
		<dict>
			<key>fileEncoding</key>
			<string>4</string>
			<key>isa</key>
			<string>PBXFileReference</string>
			<key>lastKnownFileType</key>
			<string>sourcecode.swift</string>
			<key>name</key>
			<string>NPSView.swift</string>
			<key>path</key>
			<string>Drift/UI/NPS/NPSView.swift</string>
			<key>sourceTree</key>
			<string>SOURCE_ROOT</string>
		</dict>
		<key>630E896D1C57E63300195062</key>
		<dict>
			<key>fileRef</key>
			<string>630E896C1C57E63300195062</string>
			<key>isa</key>
			<string>PBXBuildFile</string>
		</dict>
		<key>630E896E1C57E64C00195062</key>
		<dict>
			<key>fileEncoding</key>
			<string>4</string>
			<key>isa</key>
			<string>PBXFileReference</string>
			<key>lastKnownFileType</key>
			<string>file.xib</string>
			<key>name</key>
			<string>NPSView.xib</string>
			<key>path</key>
			<string>Drift/UI/NPS/NPSView.xib</string>
			<key>sourceTree</key>
			<string>SOURCE_ROOT</string>
		</dict>
		<key>630E896F1C57E64C00195062</key>
		<dict>
			<key>fileRef</key>
			<string>630E896E1C57E64C00195062</string>
			<key>isa</key>
			<string>PBXBuildFile</string>
		</dict>
		<key>630E89701C57E90300195062</key>
		<dict>
			<key>fileEncoding</key>
			<string>4</string>
			<key>isa</key>
			<string>PBXFileReference</string>
			<key>lastKnownFileType</key>
			<string>sourcecode.swift</string>
			<key>name</key>
			<string>NPSButton.swift</string>
			<key>path</key>
			<string>Drift/UI/NPS/NPSButton.swift</string>
			<key>sourceTree</key>
			<string>SOURCE_ROOT</string>
		</dict>
		<key>630E89711C57E90300195062</key>
		<dict>
			<key>fileRef</key>
			<string>630E89701C57E90300195062</string>
			<key>isa</key>
			<string>PBXBuildFile</string>
		</dict>
		<key>631164F61C6124CE00DF9AD9</key>
		<dict>
			<key>fileEncoding</key>
			<string>4</string>
			<key>isa</key>
			<string>PBXFileReference</string>
			<key>lastKnownFileType</key>
			<string>sourcecode.swift</string>
			<key>name</key>
			<string>RequestTests.swift</string>
			<key>path</key>
			<string>DriftTests/RequestTests.swift</string>
			<key>sourceTree</key>
			<string>SOURCE_ROOT</string>
		</dict>
		<key>631164F71C6124CE00DF9AD9</key>
		<dict>
			<key>fileRef</key>
			<string>631164F61C6124CE00DF9AD9</string>
			<key>isa</key>
			<string>PBXBuildFile</string>
		</dict>
		<key>6311F3531C89D18100F1F438</key>
		<dict>
			<key>fileEncoding</key>
			<string>4</string>
			<key>isa</key>
			<string>PBXFileReference</string>
			<key>lastKnownFileType</key>
			<string>sourcecode.swift</string>
			<key>name</key>
			<string>APITests.swift</string>
			<key>path</key>
			<string>DriftTests/APITests.swift</string>
			<key>sourceTree</key>
			<string>SOURCE_ROOT</string>
		</dict>
		<key>6311F3541C89D18100F1F438</key>
		<dict>
			<key>fileRef</key>
			<string>6311F3531C89D18100F1F438</string>
			<key>isa</key>
			<string>PBXBuildFile</string>
		</dict>
		<key>6329CABA1C58E6540059C678</key>
		<dict>
			<key>children</key>
			<array>
				<string>6329CABB1C58E6830059C678</string>
				<string>6329CABD1C58E68F0059C678</string>
			</array>
			<key>isa</key>
			<string>PBXGroup</string>
			<key>name</key>
			<string>NPS ContainerView</string>
			<key>sourceTree</key>
			<string>&lt;group&gt;</string>
		</dict>
		<key>6329CABB1C58E6830059C678</key>
		<dict>
			<key>fileEncoding</key>
			<string>4</string>
			<key>isa</key>
			<string>PBXFileReference</string>
			<key>lastKnownFileType</key>
			<string>sourcecode.swift</string>
			<key>name</key>
			<string>NPSContainerView.swift</string>
			<key>path</key>
			<string>Drift/UI/NPS Container View/NPSContainerView.swift</string>
			<key>sourceTree</key>
			<string>SOURCE_ROOT</string>
		</dict>
		<key>6329CABC1C58E6830059C678</key>
		<dict>
			<key>fileRef</key>
			<string>6329CABB1C58E6830059C678</string>
			<key>isa</key>
			<string>PBXBuildFile</string>
		</dict>
		<key>6329CABD1C58E68F0059C678</key>
		<dict>
			<key>fileEncoding</key>
			<string>4</string>
			<key>isa</key>
			<string>PBXFileReference</string>
			<key>lastKnownFileType</key>
			<string>file.xib</string>
			<key>name</key>
			<string>NPSContainerView.xib</string>
			<key>path</key>
			<string>Drift/UI/NPS Container View/NPSContainerView.xib</string>
			<key>sourceTree</key>
			<string>SOURCE_ROOT</string>
		</dict>
		<key>6329CABE1C58E68F0059C678</key>
		<dict>
			<key>fileRef</key>
			<string>6329CABD1C58E68F0059C678</string>
			<key>isa</key>
			<string>PBXBuildFile</string>
		</dict>
		<key>6329CABF1C5933400059C678</key>
		<dict>
			<key>children</key>
			<array>
				<string>6329CAC01C5933590059C678</string>
				<string>6329CAC21C59336E0059C678</string>
			</array>
			<key>isa</key>
			<string>PBXGroup</string>
			<key>name</key>
			<string>NPS Comment View</string>
			<key>sourceTree</key>
			<string>&lt;group&gt;</string>
		</dict>
		<key>6329CAC01C5933590059C678</key>
		<dict>
			<key>fileEncoding</key>
			<string>4</string>
			<key>isa</key>
			<string>PBXFileReference</string>
			<key>lastKnownFileType</key>
			<string>file.xib</string>
			<key>name</key>
			<string>NPSCommentView.xib</string>
			<key>path</key>
			<string>Drift/UI/NPS Comment View/NPSCommentView.xib</string>
			<key>sourceTree</key>
			<string>SOURCE_ROOT</string>
		</dict>
		<key>6329CAC11C5933590059C678</key>
		<dict>
			<key>fileRef</key>
			<string>6329CAC01C5933590059C678</string>
			<key>isa</key>
			<string>PBXBuildFile</string>
		</dict>
		<key>6329CAC21C59336E0059C678</key>
		<dict>
			<key>fileEncoding</key>
			<string>4</string>
			<key>isa</key>
			<string>PBXFileReference</string>
			<key>lastKnownFileType</key>
			<string>sourcecode.swift</string>
			<key>name</key>
			<string>NPSCommentView.swift</string>
			<key>path</key>
			<string>Drift/UI/NPS Comment View/NPSCommentView.swift</string>
			<key>sourceTree</key>
			<string>SOURCE_ROOT</string>
		</dict>
		<key>6329CAC31C59336E0059C678</key>
		<dict>
			<key>fileRef</key>
			<string>6329CAC21C59336E0059C678</string>
			<key>isa</key>
			<string>PBXBuildFile</string>
		</dict>
		<key>6329CAC41C5A91310059C678</key>
		<dict>
			<key>fileEncoding</key>
			<string>4</string>
			<key>isa</key>
			<string>PBXFileReference</string>
			<key>lastKnownFileType</key>
			<string>sourcecode.swift</string>
			<key>name</key>
			<string>DriftDataStore.swift</string>
			<key>path</key>
			<string>Drift/Managers/DriftDataStore.swift</string>
			<key>sourceTree</key>
			<string>SOURCE_ROOT</string>
		</dict>
		<key>6329CAC51C5A91310059C678</key>
		<dict>
			<key>fileRef</key>
			<string>6329CAC41C5A91310059C678</string>
			<key>isa</key>
			<string>PBXBuildFile</string>
		</dict>
		<key>632EC55A1C7E070B00D703D4</key>
		<dict>
			<key>fileEncoding</key>
			<string>4</string>
			<key>isa</key>
			<string>PBXFileReference</string>
			<key>lastKnownFileType</key>
			<string>sourcecode.swift</string>
			<key>name</key>
			<string>ModelTests.swift</string>
			<key>path</key>
			<string>DriftTests/ModelTests.swift</string>
			<key>sourceTree</key>
			<string>SOURCE_ROOT</string>
		</dict>
		<key>632EC55B1C7E070B00D703D4</key>
		<dict>
			<key>fileRef</key>
			<string>632EC55A1C7E070B00D703D4</string>
			<key>isa</key>
			<string>PBXBuildFile</string>
		</dict>
		<key>632EC55C1C7E088300D703D4</key>
		<dict>
			<key>fileEncoding</key>
			<string>4</string>
			<key>isa</key>
			<string>PBXFileReference</string>
			<key>lastKnownFileType</key>
			<string>sourcecode.swift</string>
			<key>name</key>
			<string>JSONStore.swift</string>
			<key>path</key>
			<string>DriftTests/JSONStore.swift</string>
			<key>sourceTree</key>
			<string>SOURCE_ROOT</string>
		</dict>
		<key>632EC55D1C7E088300D703D4</key>
		<dict>
			<key>fileRef</key>
			<string>632EC55C1C7E088300D703D4</string>
			<key>isa</key>
			<string>PBXBuildFile</string>
		</dict>
		<key>63356A2A1C5298760064F652</key>
		<dict>
			<key>children</key>
			<array>
				<string>63356A471C529C760064F652</string>
				<string>63356A481C529C760064F652</string>
				<string>63356A491C529C760064F652</string>
				<string>63356A4A1C529C760064F652</string>
				<string>6302051B1C52AD7900C02F5E</string>
				<string>6302051D1C56739000C02F5E</string>
				<string>63F95DBE1C5B8676003BCEE0</string>
				<string>6306B51D1C5F91150003F9D3</string>
				<string>63F8581F1C63B22E00872B0D</string>
			</array>
			<key>isa</key>
			<string>PBXGroup</string>
			<key>name</key>
			<string>Models</string>
			<key>sourceTree</key>
			<string>&lt;group&gt;</string>
		</dict>
		<key>63356A3D1C529C530064F652</key>
		<dict>
			<key>fileEncoding</key>
			<string>4</string>
			<key>isa</key>
			<string>PBXFileReference</string>
			<key>lastKnownFileType</key>
			<string>sourcecode.c.h</string>
			<key>name</key>
			<string>Drift.h</string>
			<key>path</key>
			<string>Drift/Drift.h</string>
			<key>sourceTree</key>
			<string>SOURCE_ROOT</string>
		</dict>
		<key>63356A3E1C529C530064F652</key>
		<dict>
			<key>fileEncoding</key>
			<string>4</string>
			<key>isa</key>
			<string>PBXFileReference</string>
			<key>lastKnownFileType</key>
			<string>text.plist.xml</string>
			<key>name</key>
			<string>Info.plist</string>
			<key>path</key>
			<string>Drift/Info.plist</string>
			<key>sourceTree</key>
			<string>SOURCE_ROOT</string>
		</dict>
		<key>63356A3F1C529C530064F652</key>
		<dict>
			<key>fileRef</key>
			<string>63356A3D1C529C530064F652</string>
			<key>isa</key>
			<string>PBXBuildFile</string>
			<key>settings</key>
			<dict>
				<key>ATTRIBUTES</key>
				<array>
					<string>Public</string>
				</array>
			</dict>
		</dict>
		<key>63356A411C529C610064F652</key>
		<dict>
			<key>fileEncoding</key>
			<string>4</string>
			<key>isa</key>
			<string>PBXFileReference</string>
			<key>lastKnownFileType</key>
			<string>sourcecode.swift</string>
			<key>name</key>
			<string>Drift.swift</string>
			<key>path</key>
			<string>Drift/Public/Drift.swift</string>
			<key>sourceTree</key>
			<string>SOURCE_ROOT</string>
		</dict>
		<key>63356A421C529C610064F652</key>
		<dict>
			<key>fileRef</key>
			<string>63356A411C529C610064F652</string>
			<key>isa</key>
			<string>PBXBuildFile</string>
		</dict>
		<key>63356A431C529C6C0064F652</key>
		<dict>
			<key>fileEncoding</key>
			<string>4</string>
			<key>isa</key>
			<string>PBXFileReference</string>
			<key>lastKnownFileType</key>
			<string>sourcecode.swift</string>
			<key>name</key>
			<string>APIManager.swift</string>
			<key>path</key>
			<string>Drift/Managers/APIManager.swift</string>
			<key>sourceTree</key>
			<string>SOURCE_ROOT</string>
		</dict>
		<key>63356A441C529C6C0064F652</key>
		<dict>
			<key>fileEncoding</key>
			<string>4</string>
			<key>isa</key>
			<string>PBXFileReference</string>
			<key>lastKnownFileType</key>
			<string>sourcecode.swift</string>
			<key>name</key>
			<string>LayerManager.swift</string>
			<key>path</key>
			<string>Drift/Managers/LayerManager.swift</string>
			<key>sourceTree</key>
			<string>SOURCE_ROOT</string>
		</dict>
		<key>63356A451C529C6C0064F652</key>
		<dict>
			<key>fileRef</key>
			<string>63356A431C529C6C0064F652</string>
			<key>isa</key>
			<string>PBXBuildFile</string>
		</dict>
		<key>63356A461C529C6C0064F652</key>
		<dict>
			<key>fileRef</key>
			<string>63356A441C529C6C0064F652</string>
			<key>isa</key>
			<string>PBXBuildFile</string>
		</dict>
		<key>63356A471C529C760064F652</key>
		<dict>
			<key>fileEncoding</key>
			<string>4</string>
			<key>isa</key>
			<string>PBXFileReference</string>
			<key>lastKnownFileType</key>
			<string>sourcecode.swift</string>
			<key>name</key>
			<string>AnnouncmentAttributes.swift</string>
			<key>path</key>
			<string>Drift/Models/AnnouncmentAttributes.swift</string>
			<key>sourceTree</key>
			<string>SOURCE_ROOT</string>
		</dict>
		<key>63356A481C529C760064F652</key>
		<dict>
			<key>fileEncoding</key>
			<string>4</string>
			<key>isa</key>
			<string>PBXFileReference</string>
			<key>lastKnownFileType</key>
			<string>sourcecode.swift</string>
			<key>name</key>
			<string>CTA.swift</string>
			<key>path</key>
			<string>Drift/Models/CTA.swift</string>
			<key>sourceTree</key>
			<string>SOURCE_ROOT</string>
		</dict>
		<key>63356A491C529C760064F652</key>
		<dict>
			<key>fileEncoding</key>
			<string>4</string>
			<key>isa</key>
			<string>PBXFileReference</string>
			<key>lastKnownFileType</key>
			<string>sourcecode.swift</string>
			<key>name</key>
			<string>Campaign.swift</string>
			<key>path</key>
			<string>Drift/Models/Campaign.swift</string>
			<key>sourceTree</key>
			<string>SOURCE_ROOT</string>
		</dict>
		<key>63356A4A1C529C760064F652</key>
		<dict>
			<key>fileEncoding</key>
			<string>4</string>
			<key>isa</key>
			<string>PBXFileReference</string>
			<key>lastKnownFileType</key>
			<string>sourcecode.swift</string>
			<key>name</key>
			<string>NPSAttributes.swift</string>
			<key>path</key>
			<string>Drift/Models/NPSAttributes.swift</string>
			<key>sourceTree</key>
			<string>SOURCE_ROOT</string>
		</dict>
		<key>63356A4B1C529C760064F652</key>
		<dict>
			<key>fileRef</key>
			<string>63356A471C529C760064F652</string>
			<key>isa</key>
			<string>PBXBuildFile</string>
		</dict>
		<key>63356A4C1C529C760064F652</key>
		<dict>
			<key>fileRef</key>
			<string>63356A481C529C760064F652</string>
			<key>isa</key>
			<string>PBXBuildFile</string>
		</dict>
		<key>63356A4D1C529C760064F652</key>
		<dict>
			<key>fileRef</key>
			<string>63356A491C529C760064F652</string>
			<key>isa</key>
			<string>PBXBuildFile</string>
		</dict>
		<key>63356A4E1C529C760064F652</key>
		<dict>
			<key>fileRef</key>
			<string>63356A4A1C529C760064F652</string>
			<key>isa</key>
			<string>PBXBuildFile</string>
		</dict>
		<key>63356A501C529DD80064F652</key>
		<dict>
			<key>fileEncoding</key>
			<string>4</string>
			<key>isa</key>
			<string>PBXFileReference</string>
			<key>lastKnownFileType</key>
			<string>text.plist.xml</string>
			<key>name</key>
			<string>Info.plist</string>
			<key>path</key>
			<string>DriftTests/Info.plist</string>
			<key>sourceTree</key>
			<string>SOURCE_ROOT</string>
		</dict>
		<key>63356A531C52A0D20064F652</key>
		<dict>
			<key>isa</key>
			<string>PBXFileReference</string>
			<key>lastKnownFileType</key>
			<string>wrapper.framework</string>
			<key>name</key>
			<string>UIKit.framework</string>
			<key>path</key>
			<string>System/Library/Frameworks/UIKit.framework</string>
			<key>sourceTree</key>
			<string>SDKROOT</string>
		</dict>
		<key>63356A541C52A0D20064F652</key>
		<dict>
			<key>fileRef</key>
			<string>63356A531C52A0D20064F652</string>
			<key>isa</key>
			<string>PBXBuildFile</string>
		</dict>
		<key>63359F9C1C774C22007321DA</key>
		<dict>
			<key>fileEncoding</key>
			<string>4</string>
			<key>isa</key>
			<string>PBXFileReference</string>
			<key>lastKnownFileType</key>
			<string>sourcecode.swift</string>
			<key>name</key>
			<string>AnnouncmentExpandedView.swift</string>
			<key>path</key>
			<string>Drift/UI/NotificationView/AnnouncmentExpandedView.swift</string>
			<key>sourceTree</key>
			<string>SOURCE_ROOT</string>
		</dict>
		<key>63359F9D1C774C22007321DA</key>
		<dict>
			<key>fileRef</key>
			<string>63359F9C1C774C22007321DA</string>
			<key>isa</key>
			<string>PBXBuildFile</string>
		</dict>
		<key>63359F9E1C774C31007321DA</key>
		<dict>
			<key>fileEncoding</key>
			<string>4</string>
			<key>isa</key>
			<string>PBXFileReference</string>
			<key>lastKnownFileType</key>
			<string>file.xib</string>
			<key>name</key>
			<string>AnnouncmentExpandedView.xib</string>
			<key>path</key>
			<string>Drift/UI/NotificationView/AnnouncmentExpandedView.xib</string>
			<key>sourceTree</key>
			<string>SOURCE_ROOT</string>
		</dict>
		<key>63359F9F1C774C31007321DA</key>
		<dict>
			<key>fileRef</key>
			<string>63359F9E1C774C31007321DA</string>
			<key>isa</key>
			<string>PBXBuildFile</string>
		</dict>
		<key>633920CF1C62514F00C3A3C2</key>
		<dict>
			<key>fileEncoding</key>
			<string>4</string>
			<key>isa</key>
			<string>PBXFileReference</string>
			<key>lastKnownFileType</key>
			<string>sourcecode.swift</string>
			<key>name</key>
			<string>CampaignResponseManager.swift</string>
			<key>path</key>
			<string>Drift/Managers/CampaignResponseManager.swift</string>
			<key>sourceTree</key>
			<string>SOURCE_ROOT</string>
		</dict>
		<key>633920D01C62514F00C3A3C2</key>
		<dict>
			<key>fileRef</key>
			<string>633920CF1C62514F00C3A3C2</string>
			<key>isa</key>
			<string>PBXBuildFile</string>
		</dict>
		<key>633920D11C6268EE00C3A3C2</key>
		<dict>
			<key>children</key>
			<array>
				<string>633920D21C62690000C3A3C2</string>
				<string>63F858211C63B55E00872B0D</string>
				<string>63BBABB51C7CD6210014768A</string>
				<string>638730991C7E85EF00105867</string>
			</array>
			<key>isa</key>
			<string>PBXGroup</string>
			<key>name</key>
			<string>Helpers</string>
			<key>sourceTree</key>
			<string>&lt;group&gt;</string>
		</dict>
		<key>633920D21C62690000C3A3C2</key>
		<dict>
			<key>fileEncoding</key>
			<string>4</string>
			<key>isa</key>
			<string>PBXFileReference</string>
			<key>lastKnownFileType</key>
			<string>sourcecode.swift</string>
			<key>name</key>
			<string>DriftDateTransform.swift</string>
			<key>path</key>
			<string>Drift/Helpers/DriftDateTransform.swift</string>
			<key>sourceTree</key>
			<string>SOURCE_ROOT</string>
		</dict>
		<key>633920D31C62690000C3A3C2</key>
		<dict>
			<key>fileRef</key>
			<string>633920D21C62690000C3A3C2</string>
			<key>isa</key>
			<string>PBXBuildFile</string>
		</dict>
		<key>633920D41C62879100C3A3C2</key>
		<dict>
			<key>fileEncoding</key>
			<string>4</string>
			<key>isa</key>
			<string>PBXFileReference</string>
			<key>lastKnownFileType</key>
			<string>sourcecode.swift</string>
			<key>name</key>
			<string>CampaignView.swift</string>
			<key>path</key>
			<string>Drift/UI/CampaignView.swift</string>
			<key>sourceTree</key>
			<string>SOURCE_ROOT</string>
		</dict>
		<key>633920D51C62879100C3A3C2</key>
		<dict>
			<key>fileRef</key>
			<string>633920D41C62879100C3A3C2</string>
			<key>isa</key>
			<string>PBXBuildFile</string>
		</dict>
		<key>634950CA1C511A410097C474</key>
		<dict>
			<key>children</key>
			<array>
				<string>634950D61C511A410097C474</string>
				<string>634950E21C511A410097C474</string>
				<string>634950D51C511A410097C474</string>
				<string>92D047987C95316EEB1ADA20</string>
				<string>74DE7736A181ADE78FB587A2</string>
			</array>
			<key>isa</key>
			<string>PBXGroup</string>
			<key>sourceTree</key>
			<string>&lt;group&gt;</string>
		</dict>
		<key>634950CB1C511A410097C474</key>
		<dict>
			<key>attributes</key>
			<dict>
				<key>LastSwiftUpdateCheck</key>
				<string>0720</string>
				<key>LastUpgradeCheck</key>
				<string>0720</string>
				<key>ORGANIZATIONNAME</key>
				<string>Drift</string>
				<key>TargetAttributes</key>
				<dict>
					<key>634950D31C511A410097C474</key>
					<dict>
						<key>CreatedOnToolsVersion</key>
						<string>7.2</string>
					</dict>
					<key>634950DD1C511A410097C474</key>
					<dict>
						<key>CreatedOnToolsVersion</key>
						<string>7.2</string>
					</dict>
				</dict>
			</dict>
			<key>buildConfigurationList</key>
			<string>634950CE1C511A410097C474</string>
			<key>compatibilityVersion</key>
			<string>Xcode 3.2</string>
			<key>developmentRegion</key>
			<string>English</string>
			<key>hasScannedForEncodings</key>
			<string>0</string>
			<key>isa</key>
			<string>PBXProject</string>
			<key>knownRegions</key>
			<array>
				<string>en</string>
			</array>
			<key>mainGroup</key>
			<string>634950CA1C511A410097C474</string>
			<key>productRefGroup</key>
			<string>634950D51C511A410097C474</string>
			<key>projectDirPath</key>
			<string></string>
			<key>projectReferences</key>
			<array/>
			<key>projectRoot</key>
			<string></string>
			<key>targets</key>
			<array>
				<string>634950D31C511A410097C474</string>
				<string>634950DD1C511A410097C474</string>
			</array>
		</dict>
		<key>634950CE1C511A410097C474</key>
		<dict>
			<key>buildConfigurations</key>
			<array>
				<string>634950E61C511A410097C474</string>
				<string>634950E71C511A410097C474</string>
			</array>
			<key>defaultConfigurationIsVisible</key>
			<string>0</string>
			<key>defaultConfigurationName</key>
			<string>Release</string>
			<key>isa</key>
			<string>XCConfigurationList</string>
		</dict>
		<key>634950CF1C511A410097C474</key>
		<dict>
			<key>buildActionMask</key>
			<string>2147483647</string>
			<key>files</key>
			<array>
				<string>6329CABC1C58E6830059C678</string>
				<string>63BBABB61C7CD6210014768A</string>
				<string>633920D01C62514F00C3A3C2</string>
				<string>63359F9D1C774C22007321DA</string>
				<string>630205181C52A24E00C02F5E</string>
				<string>630E896D1C57E63300195062</string>
				<string>6302051C1C52AD7900C02F5E</string>
				<string>63F858221C63B55E00872B0D</string>
				<string>63356A4D1C529C760064F652</string>
				<string>630E89671C57B9AC00195062</string>
				<string>63356A451C529C6C0064F652</string>
				<string>63356A421C529C610064F652</string>
				<string>633920D51C62879100C3A3C2</string>
				<string>2CF43EA31C7E045F008E6748</string>
				<string>63BBABB41C7C9D850014768A</string>
				<string>630E89711C57E90300195062</string>
				<string>63356A4C1C529C760064F652</string>
				<string>6387309A1C7E85EF00105867</string>
				<string>6302051A1C52AC5100C02F5E</string>
				<string>63F95DBF1C5B8676003BCEE0</string>
				<string>6329CAC51C5A91310059C678</string>
				<string>6362426A1C7FBCB400632F0E</string>
				<string>633920D31C62690000C3A3C2</string>
				<string>6329CAC31C59336E0059C678</string>
				<string>630E89691C57C77300195062</string>
				<string>630E89621C57944400195062</string>
				<string>63356A461C529C6C0064F652</string>
				<string>63356A4B1C529C760064F652</string>
				<string>63356A4E1C529C760064F652</string>
				<string>6302051E1C56739000C02F5E</string>
				<string>6306B51E1C5F91150003F9D3</string>
				<string>63F858201C63B22E00872B0D</string>
			</array>
			<key>isa</key>
			<string>PBXSourcesBuildPhase</string>
			<key>runOnlyForDeploymentPostprocessing</key>
			<string>0</string>
		</dict>
		<key>634950D01C511A410097C474</key>
		<dict>
			<key>buildActionMask</key>
			<string>2147483647</string>
			<key>files</key>
			<array>
				<string>63356A541C52A0D20064F652</string>
				<string>63C257371C9A009E003C4C81</string>
				<string>63C257391C9A00AE003C4C81</string>
				<string>1A77B153EA4A090C26BDFB17</string>
			</array>
			<key>isa</key>
			<string>PBXFrameworksBuildPhase</string>
			<key>runOnlyForDeploymentPostprocessing</key>
			<string>0</string>
		</dict>
		<key>634950D11C511A410097C474</key>
		<dict>
			<key>buildActionMask</key>
			<string>2147483647</string>
			<key>files</key>
			<array>
				<string>63356A3F1C529C530064F652</string>
			</array>
			<key>isa</key>
			<string>PBXHeadersBuildPhase</string>
			<key>runOnlyForDeploymentPostprocessing</key>
			<string>0</string>
		</dict>
		<key>634950D21C511A410097C474</key>
		<dict>
			<key>buildActionMask</key>
			<string>2147483647</string>
			<key>files</key>
			<array>
				<string>630E896F1C57E64C00195062</string>
				<string>2CF43EA71C7E056F008E6748</string>
				<string>630E89651C57B99000195062</string>
				<string>63359F9F1C774C31007321DA</string>
				<string>6362426C1C7FBCC300632F0E</string>
				<string>6329CAC11C5933590059C678</string>
				<string>6329CABE1C58E68F0059C678</string>
			</array>
			<key>isa</key>
			<string>PBXResourcesBuildPhase</string>
			<key>runOnlyForDeploymentPostprocessing</key>
			<string>0</string>
		</dict>
		<key>634950D31C511A410097C474</key>
		<dict>
			<key>buildConfigurationList</key>
			<string>634950E81C511A410097C474</string>
			<key>buildPhases</key>
			<array>
				<string>1151C0FD8C2ADE2DDED5A91C</string>
				<string>634950CF1C511A410097C474</string>
				<string>634950D01C511A410097C474</string>
				<string>634950D11C511A410097C474</string>
				<string>634950D21C511A410097C474</string>
				<string>634951201C511D5A0097C474</string>
				<string>630144FD1C9A117F002812AB</string>
				<string>580005EA68860E3F3B787A2D</string>
			</array>
			<key>buildRules</key>
			<array/>
			<key>dependencies</key>
			<array/>
			<key>isa</key>
			<string>PBXNativeTarget</string>
			<key>name</key>
			<string>Drift</string>
			<key>productName</key>
			<string>Driftt</string>
			<key>productReference</key>
			<string>634950D41C511A410097C474</string>
			<key>productType</key>
			<string>com.apple.product-type.framework</string>
		</dict>
		<key>634950D41C511A410097C474</key>
		<dict>
			<key>explicitFileType</key>
			<string>wrapper.framework</string>
			<key>includeInIndex</key>
			<string>0</string>
			<key>isa</key>
			<string>PBXFileReference</string>
			<key>path</key>
			<string>Drift.framework</string>
			<key>sourceTree</key>
			<string>BUILT_PRODUCTS_DIR</string>
		</dict>
		<key>634950D51C511A410097C474</key>
		<dict>
			<key>children</key>
			<array>
				<string>634950D41C511A410097C474</string>
				<string>634950DE1C511A410097C474</string>
			</array>
			<key>isa</key>
			<string>PBXGroup</string>
			<key>name</key>
			<string>Products</string>
			<key>sourceTree</key>
			<string>&lt;group&gt;</string>
		</dict>
		<key>634950D61C511A410097C474</key>
		<dict>
			<key>children</key>
			<array>
				<string>633920D11C6268EE00C3A3C2</string>
				<string>630E89631C57B2E400195062</string>
				<string>63356A2A1C5298760064F652</string>
				<string>634951271C51204C0097C474</string>
				<string>634951261C5120440097C474</string>
				<string>63356A3D1C529C530064F652</string>
				<string>63356A3E1C529C530064F652</string>
			</array>
			<key>isa</key>
			<string>PBXGroup</string>
			<key>name</key>
			<string>Drift</string>
			<key>path</key>
			<string>Driftt</string>
			<key>sourceTree</key>
			<string>&lt;group&gt;</string>
		</dict>
		<key>634950DA1C511A410097C474</key>
		<dict>
			<key>buildActionMask</key>
			<string>2147483647</string>
			<key>files</key>
			<array>
				<string>632EC55D1C7E088300D703D4</string>
				<string>632EC55B1C7E070B00D703D4</string>
				<string>6311F3541C89D18100F1F438</string>
				<string>631164F71C6124CE00DF9AD9</string>
			</array>
			<key>isa</key>
			<string>PBXSourcesBuildPhase</string>
			<key>runOnlyForDeploymentPostprocessing</key>
			<string>0</string>
		</dict>
		<key>634950DB1C511A410097C474</key>
		<dict>
			<key>buildActionMask</key>
			<string>2147483647</string>
			<key>files</key>
			<array>
				<string>634950DF1C511A410097C474</string>
				<string>637E48FE1C9A08010067F105</string>
				<string>637E48FF1C9A08040067F105</string>
				<string>57905C95E9DB58034528569A</string>
			</array>
			<key>isa</key>
			<string>PBXFrameworksBuildPhase</string>
			<key>runOnlyForDeploymentPostprocessing</key>
			<string>0</string>
		</dict>
		<key>634950DC1C511A410097C474</key>
		<dict>
			<key>buildActionMask</key>
			<string>2147483647</string>
			<key>files</key>
			<array/>
			<key>isa</key>
			<string>PBXResourcesBuildPhase</string>
			<key>runOnlyForDeploymentPostprocessing</key>
			<string>0</string>
		</dict>
		<key>634950DD1C511A410097C474</key>
		<dict>
			<key>buildConfigurationList</key>
			<string>634950EB1C511A410097C474</string>
			<key>buildPhases</key>
			<array>
				<string>C1D3C14C4181ADA3E02FBBFC</string>
				<string>634950DA1C511A410097C474</string>
				<string>634950DB1C511A410097C474</string>
				<string>634950DC1C511A410097C474</string>
				<string>630144FC1C9A0F21002812AB</string>
				<string>F0B8A4D955325B3488901CEA</string>
				<string>47CEB45299C900D9C38437DF</string>
			</array>
			<key>buildRules</key>
			<array/>
			<key>dependencies</key>
			<array>
				<string>634950E11C511A410097C474</string>
			</array>
			<key>isa</key>
			<string>PBXNativeTarget</string>
			<key>name</key>
			<string>DriftTests</string>
			<key>productName</key>
			<string>DrifttTests</string>
			<key>productReference</key>
			<string>634950DE1C511A410097C474</string>
			<key>productType</key>
			<string>com.apple.product-type.bundle.unit-test</string>
		</dict>
		<key>634950DE1C511A410097C474</key>
		<dict>
			<key>explicitFileType</key>
			<string>wrapper.cfbundle</string>
			<key>includeInIndex</key>
			<string>0</string>
			<key>isa</key>
			<string>PBXFileReference</string>
			<key>path</key>
			<string>DriftTests.xctest</string>
			<key>sourceTree</key>
			<string>BUILT_PRODUCTS_DIR</string>
		</dict>
		<key>634950DF1C511A410097C474</key>
		<dict>
			<key>fileRef</key>
			<string>634950D41C511A410097C474</string>
			<key>isa</key>
			<string>PBXBuildFile</string>
		</dict>
		<key>634950E01C511A410097C474</key>
		<dict>
			<key>containerPortal</key>
			<string>634950CB1C511A410097C474</string>
			<key>isa</key>
			<string>PBXContainerItemProxy</string>
			<key>proxyType</key>
			<string>1</string>
			<key>remoteGlobalIDString</key>
			<string>634950D31C511A410097C474</string>
			<key>remoteInfo</key>
			<string>Driftt</string>
		</dict>
		<key>634950E11C511A410097C474</key>
		<dict>
			<key>isa</key>
			<string>PBXTargetDependency</string>
			<key>target</key>
			<string>634950D31C511A410097C474</string>
			<key>targetProxy</key>
			<string>634950E01C511A410097C474</string>
		</dict>
		<key>634950E21C511A410097C474</key>
		<dict>
			<key>children</key>
			<array>
				<string>63356A501C529DD80064F652</string>
				<string>631164F61C6124CE00DF9AD9</string>
				<string>6311F3531C89D18100F1F438</string>
				<string>632EC55A1C7E070B00D703D4</string>
				<string>632EC55C1C7E088300D703D4</string>
			</array>
			<key>isa</key>
			<string>PBXGroup</string>
			<key>name</key>
			<string>DriftTests</string>
			<key>path</key>
			<string>DrifttTests</string>
			<key>sourceTree</key>
			<string>&lt;group&gt;</string>
		</dict>
		<key>634950E61C511A410097C474</key>
		<dict>
			<key>buildSettings</key>
			<dict>
				<key>ALWAYS_SEARCH_USER_PATHS</key>
				<string>NO</string>
				<key>CLANG_CXX_LANGUAGE_STANDARD</key>
				<string>gnu++0x</string>
				<key>CLANG_CXX_LIBRARY</key>
				<string>libc++</string>
				<key>CLANG_ENABLE_MODULES</key>
				<string>YES</string>
				<key>CLANG_ENABLE_OBJC_ARC</key>
				<string>YES</string>
				<key>CLANG_WARN_BOOL_CONVERSION</key>
				<string>YES</string>
				<key>CLANG_WARN_CONSTANT_CONVERSION</key>
				<string>YES</string>
				<key>CLANG_WARN_DIRECT_OBJC_ISA_USAGE</key>
				<string>YES_ERROR</string>
				<key>CLANG_WARN_EMPTY_BODY</key>
				<string>YES</string>
				<key>CLANG_WARN_ENUM_CONVERSION</key>
				<string>YES</string>
				<key>CLANG_WARN_INT_CONVERSION</key>
				<string>YES</string>
				<key>CLANG_WARN_OBJC_ROOT_CLASS</key>
				<string>YES_ERROR</string>
				<key>CLANG_WARN_UNREACHABLE_CODE</key>
				<string>YES</string>
				<key>CLANG_WARN__DUPLICATE_METHOD_MATCH</key>
				<string>YES</string>
				<key>CODE_SIGN_IDENTITY[sdk=iphoneos*]</key>
				<string>iPhone Developer</string>
				<key>COPY_PHASE_STRIP</key>
				<string>NO</string>
				<key>CURRENT_PROJECT_VERSION</key>
				<string>1</string>
				<key>DEBUG_INFORMATION_FORMAT</key>
				<string>dwarf</string>
				<key>ENABLE_STRICT_OBJC_MSGSEND</key>
				<string>YES</string>
				<key>ENABLE_TESTABILITY</key>
				<string>YES</string>
				<key>GCC_C_LANGUAGE_STANDARD</key>
				<string>gnu99</string>
				<key>GCC_DYNAMIC_NO_PIC</key>
				<string>NO</string>
				<key>GCC_NO_COMMON_BLOCKS</key>
				<string>YES</string>
				<key>GCC_OPTIMIZATION_LEVEL</key>
				<string>0</string>
				<key>GCC_PREPROCESSOR_DEFINITIONS</key>
				<array>
					<string>DEBUG=1</string>
					<string>$(inherited)</string>
				</array>
				<key>GCC_WARN_64_TO_32_BIT_CONVERSION</key>
				<string>YES</string>
				<key>GCC_WARN_ABOUT_RETURN_TYPE</key>
				<string>YES_ERROR</string>
				<key>GCC_WARN_UNDECLARED_SELECTOR</key>
				<string>YES</string>
				<key>GCC_WARN_UNINITIALIZED_AUTOS</key>
				<string>YES_AGGRESSIVE</string>
				<key>GCC_WARN_UNUSED_FUNCTION</key>
				<string>YES</string>
				<key>GCC_WARN_UNUSED_VARIABLE</key>
				<string>YES</string>
				<key>IPHONEOS_DEPLOYMENT_TARGET</key>
				<string>8.0</string>
				<key>MTL_ENABLE_DEBUG_INFO</key>
				<string>YES</string>
				<key>ONLY_ACTIVE_ARCH</key>
				<string>YES</string>
				<key>SDKROOT</key>
				<string>iphoneos</string>
				<key>SWIFT_OPTIMIZATION_LEVEL</key>
				<string>-Onone</string>
				<key>TARGETED_DEVICE_FAMILY</key>
				<string>1,2</string>
				<key>VERSIONING_SYSTEM</key>
				<string>apple-generic</string>
				<key>VERSION_INFO_PREFIX</key>
				<string></string>
			</dict>
			<key>isa</key>
			<string>XCBuildConfiguration</string>
			<key>name</key>
			<string>Debug</string>
		</dict>
		<key>634950E71C511A410097C474</key>
		<dict>
			<key>buildSettings</key>
			<dict>
				<key>ALWAYS_SEARCH_USER_PATHS</key>
				<string>NO</string>
				<key>CLANG_CXX_LANGUAGE_STANDARD</key>
				<string>gnu++0x</string>
				<key>CLANG_CXX_LIBRARY</key>
				<string>libc++</string>
				<key>CLANG_ENABLE_MODULES</key>
				<string>YES</string>
				<key>CLANG_ENABLE_OBJC_ARC</key>
				<string>YES</string>
				<key>CLANG_WARN_BOOL_CONVERSION</key>
				<string>YES</string>
				<key>CLANG_WARN_CONSTANT_CONVERSION</key>
				<string>YES</string>
				<key>CLANG_WARN_DIRECT_OBJC_ISA_USAGE</key>
				<string>YES_ERROR</string>
				<key>CLANG_WARN_EMPTY_BODY</key>
				<string>YES</string>
				<key>CLANG_WARN_ENUM_CONVERSION</key>
				<string>YES</string>
				<key>CLANG_WARN_INT_CONVERSION</key>
				<string>YES</string>
				<key>CLANG_WARN_OBJC_ROOT_CLASS</key>
				<string>YES_ERROR</string>
				<key>CLANG_WARN_UNREACHABLE_CODE</key>
				<string>YES</string>
				<key>CLANG_WARN__DUPLICATE_METHOD_MATCH</key>
				<string>YES</string>
				<key>CODE_SIGN_IDENTITY[sdk=iphoneos*]</key>
				<string>iPhone Developer</string>
				<key>COPY_PHASE_STRIP</key>
				<string>NO</string>
				<key>CURRENT_PROJECT_VERSION</key>
				<string>1</string>
				<key>DEBUG_INFORMATION_FORMAT</key>
				<string>dwarf-with-dsym</string>
				<key>ENABLE_NS_ASSERTIONS</key>
				<string>NO</string>
				<key>ENABLE_STRICT_OBJC_MSGSEND</key>
				<string>YES</string>
				<key>GCC_C_LANGUAGE_STANDARD</key>
				<string>gnu99</string>
				<key>GCC_NO_COMMON_BLOCKS</key>
				<string>YES</string>
				<key>GCC_WARN_64_TO_32_BIT_CONVERSION</key>
				<string>YES</string>
				<key>GCC_WARN_ABOUT_RETURN_TYPE</key>
				<string>YES_ERROR</string>
				<key>GCC_WARN_UNDECLARED_SELECTOR</key>
				<string>YES</string>
				<key>GCC_WARN_UNINITIALIZED_AUTOS</key>
				<string>YES_AGGRESSIVE</string>
				<key>GCC_WARN_UNUSED_FUNCTION</key>
				<string>YES</string>
				<key>GCC_WARN_UNUSED_VARIABLE</key>
				<string>YES</string>
				<key>IPHONEOS_DEPLOYMENT_TARGET</key>
				<string>8.0</string>
				<key>MTL_ENABLE_DEBUG_INFO</key>
				<string>NO</string>
				<key>SDKROOT</key>
				<string>iphoneos</string>
				<key>TARGETED_DEVICE_FAMILY</key>
				<string>1,2</string>
				<key>VALIDATE_PRODUCT</key>
				<string>YES</string>
				<key>VERSIONING_SYSTEM</key>
				<string>apple-generic</string>
				<key>VERSION_INFO_PREFIX</key>
				<string></string>
			</dict>
			<key>isa</key>
			<string>XCBuildConfiguration</string>
			<key>name</key>
			<string>Release</string>
		</dict>
		<key>634950E81C511A410097C474</key>
		<dict>
			<key>buildConfigurations</key>
			<array>
				<string>634950E91C511A410097C474</string>
				<string>634950EA1C511A410097C474</string>
			</array>
			<key>defaultConfigurationIsVisible</key>
			<string>0</string>
			<key>defaultConfigurationName</key>
			<string>Release</string>
			<key>isa</key>
			<string>XCConfigurationList</string>
		</dict>
		<key>634950E91C511A410097C474</key>
		<dict>
			<key>baseConfigurationReference</key>
			<string>2EEFE2A425D17843C6767DBA</string>
			<key>buildSettings</key>
			<dict>
				<key>CLANG_ENABLE_MODULES</key>
				<string>YES</string>
				<key>DEFINES_MODULE</key>
				<string>YES</string>
				<key>DYLIB_COMPATIBILITY_VERSION</key>
				<string>1</string>
				<key>DYLIB_CURRENT_VERSION</key>
				<string>1</string>
				<key>DYLIB_INSTALL_NAME_BASE</key>
				<string>@rpath</string>
				<key>EMBEDDED_CONTENT_CONTAINS_SWIFT</key>
				<string>YES</string>
				<key>FRAMEWORK_SEARCH_PATHS</key>
				<array>
					<string>$(inherited)</string>
					<string>$(PROJECT_DIR)/Carthage/Build/iOS</string>
					<string>$(PROJECT_DIR)/Carthage/Checkouts/releases-ios</string>
				</array>
				<key>INFOPLIST_FILE</key>
				<string>Drift/Info.plist</string>
				<key>INSTALL_PATH</key>
				<string>$(LOCAL_LIBRARY_DIR)/Frameworks</string>
				<key>IPHONEOS_DEPLOYMENT_TARGET</key>
				<string>8.0</string>
				<key>LD_RUNPATH_SEARCH_PATHS</key>
				<string>$(inherited) @executable_path/Frameworks @loader_path/Frameworks</string>
				<key>PRODUCT_BUNDLE_IDENTIFIER</key>
				<string>com.drift.Drift</string>
				<key>PRODUCT_NAME</key>
				<string>Drift</string>
				<key>SKIP_INSTALL</key>
				<string>YES</string>
				<key>SWIFT_OPTIMIZATION_LEVEL</key>
				<string>-Onone</string>
			</dict>
			<key>isa</key>
			<string>XCBuildConfiguration</string>
			<key>name</key>
			<string>Debug</string>
		</dict>
		<key>634950EA1C511A410097C474</key>
		<dict>
			<key>baseConfigurationReference</key>
			<string>342547D9FDAE99DFAAD8E93E</string>
			<key>buildSettings</key>
			<dict>
				<key>CLANG_ENABLE_MODULES</key>
				<string>YES</string>
				<key>DEFINES_MODULE</key>
				<string>YES</string>
				<key>DYLIB_COMPATIBILITY_VERSION</key>
				<string>1</string>
				<key>DYLIB_CURRENT_VERSION</key>
				<string>1</string>
				<key>DYLIB_INSTALL_NAME_BASE</key>
				<string>@rpath</string>
				<key>EMBEDDED_CONTENT_CONTAINS_SWIFT</key>
				<string>YES</string>
				<key>FRAMEWORK_SEARCH_PATHS</key>
				<array>
					<string>$(inherited)</string>
					<string>$(PROJECT_DIR)/Carthage/Build/iOS</string>
					<string>$(PROJECT_DIR)/Carthage/Checkouts/releases-ios</string>
				</array>
				<key>INFOPLIST_FILE</key>
				<string>Drift/Info.plist</string>
				<key>INSTALL_PATH</key>
				<string>$(LOCAL_LIBRARY_DIR)/Frameworks</string>
				<key>IPHONEOS_DEPLOYMENT_TARGET</key>
				<string>8.0</string>
				<key>LD_RUNPATH_SEARCH_PATHS</key>
				<string>$(inherited) @executable_path/Frameworks @loader_path/Frameworks</string>
				<key>PRODUCT_BUNDLE_IDENTIFIER</key>
				<string>com.drift.Drift</string>
				<key>PRODUCT_NAME</key>
				<string>Drift</string>
				<key>SKIP_INSTALL</key>
				<string>YES</string>
			</dict>
			<key>isa</key>
			<string>XCBuildConfiguration</string>
			<key>name</key>
			<string>Release</string>
		</dict>
		<key>634950EB1C511A410097C474</key>
		<dict>
			<key>buildConfigurations</key>
			<array>
				<string>634950EC1C511A410097C474</string>
				<string>634950ED1C511A410097C474</string>
			</array>
			<key>defaultConfigurationIsVisible</key>
			<string>0</string>
			<key>defaultConfigurationName</key>
			<string>Release</string>
			<key>isa</key>
			<string>XCConfigurationList</string>
		</dict>
		<key>634950EC1C511A410097C474</key>
		<dict>
			<key>baseConfigurationReference</key>
			<string>F33689BD7A58FEEE172AD2D1</string>
			<key>buildSettings</key>
			<dict>
				<key>EMBEDDED_CONTENT_CONTAINS_SWIFT</key>
				<string>YES</string>
				<key>FRAMEWORK_SEARCH_PATHS</key>
				<array>
					<string>$(inherited)</string>
					<string>$(PROJECT_DIR)/Carthage/Checkouts/releases-ios</string>
					<string>$(PROJECT_DIR)/Carthage/Build/iOS</string>
				</array>
				<key>INFOPLIST_FILE</key>
				<string>DriftTests/Info.plist</string>
				<key>LD_RUNPATH_SEARCH_PATHS</key>
				<string>$(inherited) @executable_path/Frameworks @loader_path/Frameworks</string>
				<key>PRODUCT_BUNDLE_IDENTIFIER</key>
				<string>com.drift.DriftTests</string>
				<key>PRODUCT_NAME</key>
				<string>DriftTests</string>
			</dict>
			<key>isa</key>
			<string>XCBuildConfiguration</string>
			<key>name</key>
			<string>Debug</string>
		</dict>
		<key>634950ED1C511A410097C474</key>
		<dict>
			<key>baseConfigurationReference</key>
			<string>0E89DD2C78E3927A8BA526F7</string>
			<key>buildSettings</key>
			<dict>
				<key>EMBEDDED_CONTENT_CONTAINS_SWIFT</key>
				<string>YES</string>
				<key>FRAMEWORK_SEARCH_PATHS</key>
				<array>
					<string>$(inherited)</string>
					<string>$(PROJECT_DIR)/Carthage/Checkouts/releases-ios</string>
					<string>$(PROJECT_DIR)/Carthage/Build/iOS</string>
				</array>
				<key>INFOPLIST_FILE</key>
				<string>DriftTests/Info.plist</string>
				<key>LD_RUNPATH_SEARCH_PATHS</key>
				<string>$(inherited) @executable_path/Frameworks @loader_path/Frameworks</string>
				<key>PRODUCT_BUNDLE_IDENTIFIER</key>
				<string>com.drift.DriftTests</string>
				<key>PRODUCT_NAME</key>
				<string>DriftTests</string>
			</dict>
			<key>isa</key>
			<string>XCBuildConfiguration</string>
			<key>name</key>
			<string>Release</string>
		</dict>
		<key>634951201C511D5A0097C474</key>
		<dict>
			<key>buildActionMask</key>
			<string>2147483647</string>
			<key>dstPath</key>
			<string></string>
			<key>dstSubfolderSpec</key>
			<string>10</string>
			<key>files</key>
			<array/>
			<key>isa</key>
			<string>PBXCopyFilesBuildPhase</string>
			<key>name</key>
			<string>Copy Frameworks</string>
			<key>runOnlyForDeploymentPostprocessing</key>
			<string>0</string>
		</dict>
		<key>634951261C5120440097C474</key>
		<dict>
			<key>children</key>
			<array>
				<string>63356A411C529C610064F652</string>
			</array>
			<key>isa</key>
			<string>PBXGroup</string>
			<key>name</key>
			<string>Public</string>
			<key>sourceTree</key>
			<string>&lt;group&gt;</string>
		</dict>
		<key>634951271C51204C0097C474</key>
		<dict>
			<key>children</key>
			<array>
				<string>63356A431C529C6C0064F652</string>
				<string>63356A441C529C6C0064F652</string>
				<string>630205171C52A24E00C02F5E</string>
				<string>630205191C52AC5100C02F5E</string>
				<string>630E89611C57944400195062</string>
				<string>6329CAC41C5A91310059C678</string>
				<string>633920CF1C62514F00C3A3C2</string>
				<string>63BBABB31C7C9D850014768A</string>
			</array>
			<key>isa</key>
			<string>PBXGroup</string>
			<key>name</key>
			<string>Core</string>
			<key>sourceTree</key>
			<string>&lt;group&gt;</string>
		</dict>
		<key>636242681C7FBC9700632F0E</key>
		<dict>
			<key>children</key>
			<array>
				<string>636242691C7FBCB400632F0E</string>
				<string>6362426B1C7FBCC300632F0E</string>
			</array>
			<key>isa</key>
			<string>PBXGroup</string>
			<key>name</key>
			<string>NPS Complete View</string>
			<key>sourceTree</key>
			<string>&lt;group&gt;</string>
		</dict>
		<key>636242691C7FBCB400632F0E</key>
		<dict>
			<key>fileEncoding</key>
			<string>4</string>
			<key>isa</key>
			<string>PBXFileReference</string>
			<key>lastKnownFileType</key>
			<string>sourcecode.swift</string>
			<key>name</key>
			<string>NPSCompleteView.swift</string>
			<key>path</key>
			<string>Drift/UI/NPS Complete View/NPSCompleteView.swift</string>
			<key>sourceTree</key>
			<string>SOURCE_ROOT</string>
		</dict>
		<key>6362426A1C7FBCB400632F0E</key>
		<dict>
			<key>fileRef</key>
			<string>636242691C7FBCB400632F0E</string>
			<key>isa</key>
			<string>PBXBuildFile</string>
		</dict>
		<key>6362426B1C7FBCC300632F0E</key>
		<dict>
			<key>fileEncoding</key>
			<string>4</string>
			<key>isa</key>
			<string>PBXFileReference</string>
			<key>lastKnownFileType</key>
			<string>file.xib</string>
			<key>name</key>
			<string>NPSCompleteView.xib</string>
			<key>path</key>
			<string>Drift/UI/NPS Complete View/NPSCompleteView.xib</string>
			<key>sourceTree</key>
			<string>SOURCE_ROOT</string>
		</dict>
		<key>6362426C1C7FBCC300632F0E</key>
		<dict>
			<key>fileRef</key>
			<string>6362426B1C7FBCC300632F0E</string>
			<key>isa</key>
			<string>PBXBuildFile</string>
		</dict>
		<key>637E48FE1C9A08010067F105</key>
		<dict>
			<key>fileRef</key>
			<string>63C257361C9A009E003C4C81</string>
			<key>isa</key>
			<string>PBXBuildFile</string>
		</dict>
		<key>637E48FF1C9A08040067F105</key>
		<dict>
			<key>fileRef</key>
			<string>63C257381C9A00AE003C4C81</string>
			<key>isa</key>
			<string>PBXBuildFile</string>
		</dict>
		<key>638730991C7E85EF00105867</key>
		<dict>
			<key>fileEncoding</key>
			<string>4</string>
			<key>isa</key>
			<string>PBXFileReference</string>
			<key>lastKnownFileType</key>
			<string>sourcecode.swift</string>
			<key>name</key>
			<string>TopController.swift</string>
			<key>path</key>
			<string>Drift/Helpers/TopController.swift</string>
			<key>sourceTree</key>
			<string>SOURCE_ROOT</string>
		</dict>
		<key>6387309A1C7E85EF00105867</key>
		<dict>
			<key>fileRef</key>
			<string>638730991C7E85EF00105867</string>
			<key>isa</key>
			<string>PBXBuildFile</string>
		</dict>
		<key>63BBABB31C7C9D850014768A</key>
		<dict>
			<key>fileEncoding</key>
			<string>4</string>
			<key>isa</key>
			<string>PBXFileReference</string>
			<key>lastKnownFileType</key>
			<string>sourcecode.swift</string>
			<key>name</key>
			<string>ErrorManager.swift</string>
			<key>path</key>
			<string>Drift/Managers/ErrorManager.swift</string>
			<key>sourceTree</key>
			<string>SOURCE_ROOT</string>
		</dict>
		<key>63BBABB41C7C9D850014768A</key>
		<dict>
			<key>fileRef</key>
			<string>63BBABB31C7C9D850014768A</string>
			<key>isa</key>
			<string>PBXBuildFile</string>
		</dict>
		<key>63BBABB51C7CD6210014768A</key>
		<dict>
			<key>fileEncoding</key>
			<string>4</string>
			<key>isa</key>
			<string>PBXFileReference</string>
			<key>lastKnownFileType</key>
			<string>sourcecode.swift</string>
			<key>name</key>
			<string>ColorHelper.swift</string>
			<key>path</key>
			<string>Drift/Helpers/ColorHelper.swift</string>
			<key>sourceTree</key>
			<string>SOURCE_ROOT</string>
		</dict>
		<key>63BBABB61C7CD6210014768A</key>
		<dict>
			<key>fileRef</key>
			<string>63BBABB51C7CD6210014768A</string>
			<key>isa</key>
			<string>PBXBuildFile</string>
		</dict>
		<key>63C257361C9A009E003C4C81</key>
		<dict>
			<key>isa</key>
			<string>PBXFileReference</string>
			<key>lastKnownFileType</key>
			<string>wrapper.framework</string>
			<key>name</key>
			<string>Gloss.framework</string>
			<key>path</key>
			<string>Carthage/Build/iOS/Gloss.framework</string>
			<key>sourceTree</key>
			<string>&lt;group&gt;</string>
		</dict>
		<key>63C257371C9A009E003C4C81</key>
		<dict>
			<key>fileRef</key>
			<string>63C257361C9A009E003C4C81</string>
			<key>isa</key>
			<string>PBXBuildFile</string>
		</dict>
		<key>63C257381C9A00AE003C4C81</key>
		<dict>
			<key>isa</key>
			<string>PBXFileReference</string>
			<key>lastKnownFileType</key>
			<string>wrapper.framework</string>
			<key>name</key>
			<string>LayerKit.framework</string>
			<key>path</key>
			<string>Carthage/Checkouts/releases-ios/LayerKit.framework</string>
			<key>sourceTree</key>
			<string>&lt;group&gt;</string>
		</dict>
		<key>63C257391C9A00AE003C4C81</key>
		<dict>
			<key>fileRef</key>
			<string>63C257381C9A00AE003C4C81</string>
			<key>isa</key>
			<string>PBXBuildFile</string>
		</dict>
		<key>63F8581F1C63B22E00872B0D</key>
		<dict>
			<key>fileEncoding</key>
			<string>4</string>
			<key>isa</key>
			<string>PBXFileReference</string>
			<key>lastKnownFileType</key>
			<string>sourcecode.swift</string>
			<key>name</key>
			<string>CampaignOrganizer.swift</string>
			<key>path</key>
			<string>Drift/Models/CampaignOrganizer.swift</string>
			<key>sourceTree</key>
			<string>SOURCE_ROOT</string>
		</dict>
		<key>63F858201C63B22E00872B0D</key>
		<dict>
			<key>fileRef</key>
			<string>63F8581F1C63B22E00872B0D</string>
			<key>isa</key>
			<string>PBXBuildFile</string>
		</dict>
		<key>63F858211C63B55E00872B0D</key>
		<dict>
			<key>fileEncoding</key>
			<string>4</string>
			<key>isa</key>
			<string>PBXFileReference</string>
			<key>lastKnownFileType</key>
			<string>sourcecode.swift</string>
			<key>name</key>
			<string>ImageLoader.swift</string>
			<key>path</key>
			<string>Drift/Helpers/ImageLoader.swift</string>
			<key>sourceTree</key>
			<string>SOURCE_ROOT</string>
		</dict>
		<key>63F858221C63B55E00872B0D</key>
		<dict>
			<key>fileRef</key>
			<string>63F858211C63B55E00872B0D</string>
			<key>isa</key>
			<string>PBXBuildFile</string>
		</dict>
		<key>63F95DBE1C5B8676003BCEE0</key>
		<dict>
			<key>fileEncoding</key>
			<string>4</string>
			<key>isa</key>
			<string>PBXFileReference</string>
			<key>lastKnownFileType</key>
			<string>sourcecode.swift</string>
			<key>name</key>
			<string>Auth.swift</string>
			<key>path</key>
			<string>Drift/Models/Auth.swift</string>
			<key>sourceTree</key>
			<string>SOURCE_ROOT</string>
		</dict>
		<key>63F95DBF1C5B8676003BCEE0</key>
		<dict>
			<key>fileRef</key>
			<string>63F95DBE1C5B8676003BCEE0</string>
			<key>isa</key>
			<string>PBXBuildFile</string>
		</dict>
		<key>74DE7736A181ADE78FB587A2</key>
		<dict>
			<key>children</key>
			<array>
				<string>63C257381C9A00AE003C4C81</string>
				<string>63C257361C9A009E003C4C81</string>
				<string>63356A531C52A0D20064F652</string>
				<string>32D73F6DDE7993AB46ED02AA</string>
				<string>34DCE94A9E8799A6E95ADD38</string>
			</array>
			<key>isa</key>
			<string>PBXGroup</string>
			<key>name</key>
			<string>Frameworks</string>
			<key>sourceTree</key>
			<string>&lt;group&gt;</string>
		</dict>
		<key>92D047987C95316EEB1ADA20</key>
		<dict>
			<key>children</key>
			<array>
				<string>2EEFE2A425D17843C6767DBA</string>
				<string>342547D9FDAE99DFAAD8E93E</string>
				<string>F33689BD7A58FEEE172AD2D1</string>
				<string>0E89DD2C78E3927A8BA526F7</string>
			</array>
			<key>isa</key>
			<string>PBXGroup</string>
			<key>name</key>
			<string>Pods</string>
			<key>sourceTree</key>
			<string>&lt;group&gt;</string>
		</dict>
		<key>C1D3C14C4181ADA3E02FBBFC</key>
		<dict>
			<key>buildActionMask</key>
			<string>2147483647</string>
			<key>files</key>
			<array/>
			<key>inputPaths</key>
			<array/>
			<key>isa</key>
			<string>PBXShellScriptBuildPhase</string>
			<key>name</key>
			<string>Check Pods Manifest.lock</string>
			<key>outputPaths</key>
			<array/>
			<key>runOnlyForDeploymentPostprocessing</key>
			<string>0</string>
			<key>shellPath</key>
			<string>/bin/sh</string>
			<key>shellScript</key>
			<string>diff "${PODS_ROOT}/../Podfile.lock" "${PODS_ROOT}/Manifest.lock" &gt; /dev/null
if [[ $? != 0 ]] ; then
    cat &lt;&lt; EOM
error: The sandbox is not in sync with the Podfile.lock. Run 'pod install' or update your CocoaPods installation.
EOM
    exit 1
fi
</string>
			<key>showEnvVarsInLog</key>
			<string>0</string>
		</dict>
		<key>F0B8A4D955325B3488901CEA</key>
		<dict>
			<key>buildActionMask</key>
			<string>2147483647</string>
			<key>files</key>
			<array/>
			<key>inputPaths</key>
			<array/>
			<key>isa</key>
			<string>PBXShellScriptBuildPhase</string>
			<key>name</key>
			<string>Embed Pods Frameworks</string>
			<key>outputPaths</key>
			<array/>
			<key>runOnlyForDeploymentPostprocessing</key>
			<string>0</string>
			<key>shellPath</key>
			<string>/bin/sh</string>
			<key>shellScript</key>
			<string>"${SRCROOT}/Pods/Target Support Files/Pods-DriftTests/Pods-DriftTests-frameworks.sh"
</string>
			<key>showEnvVarsInLog</key>
			<string>0</string>
		</dict>
		<key>F33689BD7A58FEEE172AD2D1</key>
		<dict>
			<key>includeInIndex</key>
			<string>1</string>
			<key>isa</key>
			<string>PBXFileReference</string>
			<key>lastKnownFileType</key>
			<string>text.xcconfig</string>
			<key>name</key>
			<string>Pods-DriftTests.debug.xcconfig</string>
			<key>path</key>
			<string>Pods/Target Support Files/Pods-DriftTests/Pods-DriftTests.debug.xcconfig</string>
			<key>sourceTree</key>
			<string>&lt;group&gt;</string>
		</dict>
	</dict>
	<key>rootObject</key>
	<string>634950CB1C511A410097C474</string>
</dict>
</plist>
