// !$*UTF8*$!
{
	archiveVersion = 1;
	classes = {
	};
	objectVersion = 46;
	objects = {

/* Begin PBXBuildFile section */
		1A30BE635C2A942A8D04344D /* Pods_DriftTests.framework in Frameworks */ = {isa = PBXBuildFile; fileRef = 376DB1A9D502953CD6D8325F /* Pods_DriftTests.framework */; };
		2CF43EA31C7E045F008E6748 /* ColorPalette.swift in Sources */ = {isa = PBXBuildFile; fileRef = 2CF43EA21C7E045F008E6748 /* ColorPalette.swift */; };
		2CF43EA71C7E056F008E6748 /* DriftImages.xcassets in Resources */ = {isa = PBXBuildFile; fileRef = 2CF43EA61C7E056F008E6748 /* DriftImages.xcassets */; };
		630205181C52A24E00C02F5E /* CampaignsManager.swift in Sources */ = {isa = PBXBuildFile; fileRef = 630205171C52A24E00C02F5E /* CampaignsManager.swift */; };
		6302051A1C52AC5100C02F5E /* DriftManager.swift in Sources */ = {isa = PBXBuildFile; fileRef = 630205191C52AC5100C02F5E /* DriftManager.swift */; };
		6302051C1C52AD7900C02F5E /* Embed.swift in Sources */ = {isa = PBXBuildFile; fileRef = 6302051B1C52AD7900C02F5E /* Embed.swift */; };
		6302051E1C56739000C02F5E /* User.swift in Sources */ = {isa = PBXBuildFile; fileRef = 6302051D1C56739000C02F5E /* User.swift */; };
		6306B51E1C5F91150003F9D3 /* NPSResponseAttributes.swift in Sources */ = {isa = PBXBuildFile; fileRef = 6306B51D1C5F91150003F9D3 /* NPSResponseAttributes.swift */; };
		6306F4211D6379CC00722D15 /* NewMessageView.swift in Sources */ = {isa = PBXBuildFile; fileRef = 6306F41F1D6379CC00722D15 /* NewMessageView.swift */; };
		6306F4221D6379CC00722D15 /* NewMessageView.xib in Resources */ = {isa = PBXBuildFile; fileRef = 6306F4201D6379CC00722D15 /* NewMessageView.xib */; };
		6306F42E1D63E68800722D15 /* UserManager.swift in Sources */ = {isa = PBXBuildFile; fileRef = 6306F42D1D63E68800722D15 /* UserManager.swift */; };
		630E89621C57944400195062 /* PresentationManager.swift in Sources */ = {isa = PBXBuildFile; fileRef = 630E89611C57944400195062 /* PresentationManager.swift */; };
		630E89651C57B99000195062 /* AnnouncementView.xib in Resources */ = {isa = PBXBuildFile; fileRef = 630E89641C57B99000195062 /* AnnouncementView.xib */; };
		630E89671C57B9AC00195062 /* AnnouncementView.swift in Sources */ = {isa = PBXBuildFile; fileRef = 630E89661C57B9AC00195062 /* AnnouncementView.swift */; };
		630E89691C57C77300195062 /* NibLoader.swift in Sources */ = {isa = PBXBuildFile; fileRef = 630E89681C57C77300195062 /* NibLoader.swift */; };
		630E896D1C57E63300195062 /* NPSView.swift in Sources */ = {isa = PBXBuildFile; fileRef = 630E896C1C57E63300195062 /* NPSView.swift */; };
		630E896F1C57E64C00195062 /* NPSView.xib in Resources */ = {isa = PBXBuildFile; fileRef = 630E896E1C57E64C00195062 /* NPSView.xib */; };
		630E89711C57E90300195062 /* NPSButton.swift in Sources */ = {isa = PBXBuildFile; fileRef = 630E89701C57E90300195062 /* NPSButton.swift */; };
		631164F71C6124CE00DF9AD9 /* RequestTests.swift in Sources */ = {isa = PBXBuildFile; fileRef = 631164F61C6124CE00DF9AD9 /* RequestTests.swift */; };
		6311F3541C89D18100F1F438 /* APITests.swift in Sources */ = {isa = PBXBuildFile; fileRef = 6311F3531C89D18100F1F438 /* APITests.swift */; };
		6329CABC1C58E6830059C678 /* NPSContainerView.swift in Sources */ = {isa = PBXBuildFile; fileRef = 6329CABB1C58E6830059C678 /* NPSContainerView.swift */; };
		6329CABE1C58E68F0059C678 /* NPSContainerView.xib in Resources */ = {isa = PBXBuildFile; fileRef = 6329CABD1C58E68F0059C678 /* NPSContainerView.xib */; };
		6329CAC11C5933590059C678 /* NPSCommentView.xib in Resources */ = {isa = PBXBuildFile; fileRef = 6329CAC01C5933590059C678 /* NPSCommentView.xib */; };
		6329CAC31C59336E0059C678 /* NPSCommentView.swift in Sources */ = {isa = PBXBuildFile; fileRef = 6329CAC21C59336E0059C678 /* NPSCommentView.swift */; };
		6329CAC51C5A91310059C678 /* DriftDataStore.swift in Sources */ = {isa = PBXBuildFile; fileRef = 6329CAC41C5A91310059C678 /* DriftDataStore.swift */; };
		632EC55B1C7E070B00D703D4 /* ModelTests.swift in Sources */ = {isa = PBXBuildFile; fileRef = 632EC55A1C7E070B00D703D4 /* ModelTests.swift */; };
		632EC55D1C7E088300D703D4 /* JSONStore.swift in Sources */ = {isa = PBXBuildFile; fileRef = 632EC55C1C7E088300D703D4 /* JSONStore.swift */; };
		63356A3F1C529C530064F652 /* Drift.h in Headers */ = {isa = PBXBuildFile; fileRef = 63356A3D1C529C530064F652 /* Drift.h */; settings = {ATTRIBUTES = (Public, ); }; };
		63356A421C529C610064F652 /* Drift.swift in Sources */ = {isa = PBXBuildFile; fileRef = 63356A411C529C610064F652 /* Drift.swift */; };
		63356A451C529C6C0064F652 /* APIManager.swift in Sources */ = {isa = PBXBuildFile; fileRef = 63356A431C529C6C0064F652 /* APIManager.swift */; };
		63356A461C529C6C0064F652 /* LayerManager.swift in Sources */ = {isa = PBXBuildFile; fileRef = 63356A441C529C6C0064F652 /* LayerManager.swift */; };
		63356A4B1C529C760064F652 /* AnnouncementAttributes.swift in Sources */ = {isa = PBXBuildFile; fileRef = 63356A471C529C760064F652 /* AnnouncementAttributes.swift */; };
		63356A4C1C529C760064F652 /* CTA.swift in Sources */ = {isa = PBXBuildFile; fileRef = 63356A481C529C760064F652 /* CTA.swift */; };
		63356A4D1C529C760064F652 /* Campaign.swift in Sources */ = {isa = PBXBuildFile; fileRef = 63356A491C529C760064F652 /* Campaign.swift */; };
		63356A4E1C529C760064F652 /* NPSAttributes.swift in Sources */ = {isa = PBXBuildFile; fileRef = 63356A4A1C529C760064F652 /* NPSAttributes.swift */; };
		63356A541C52A0D20064F652 /* UIKit.framework in Frameworks */ = {isa = PBXBuildFile; fileRef = 63356A531C52A0D20064F652 /* UIKit.framework */; };
		63359F9D1C774C22007321DA /* AnnouncementExpandedView.swift in Sources */ = {isa = PBXBuildFile; fileRef = 63359F9C1C774C22007321DA /* AnnouncementExpandedView.swift */; };
		63359F9F1C774C31007321DA /* AnnouncementExpandedView.xib in Resources */ = {isa = PBXBuildFile; fileRef = 63359F9E1C774C31007321DA /* AnnouncementExpandedView.xib */; };
		633920D01C62514F00C3A3C2 /* CampaignResponseManager.swift in Sources */ = {isa = PBXBuildFile; fileRef = 633920CF1C62514F00C3A3C2 /* CampaignResponseManager.swift */; };
		633920D51C62879100C3A3C2 /* CampaignView.swift in Sources */ = {isa = PBXBuildFile; fileRef = 633920D41C62879100C3A3C2 /* CampaignView.swift */; };
		634950DF1C511A410097C474 /* Drift.framework in Frameworks */ = {isa = PBXBuildFile; fileRef = 634950D41C511A410097C474 /* Drift.framework */; };
		6362426A1C7FBCB400632F0E /* NPSCompleteView.swift in Sources */ = {isa = PBXBuildFile; fileRef = 636242691C7FBCB400632F0E /* NPSCompleteView.swift */; };
		6362426C1C7FBCC300632F0E /* NPSCompleteView.xib in Resources */ = {isa = PBXBuildFile; fileRef = 6362426B1C7FBCC300632F0E /* NPSCompleteView.xib */; };
		637E48FF1C9A08040067F105 /* LayerKit.framework in Frameworks */ = {isa = PBXBuildFile; fileRef = 63C257381C9A00AE003C4C81 /* LayerKit.framework */; };
		6387309A1C7E85EF00105867 /* TopController.swift in Sources */ = {isa = PBXBuildFile; fileRef = 638730991C7E85EF00105867 /* TopController.swift */; };
		63BBABB41C7C9D850014768A /* ErrorManager.swift in Sources */ = {isa = PBXBuildFile; fileRef = 63BBABB31C7C9D850014768A /* ErrorManager.swift */; };
		63BBABB61C7CD6210014768A /* ColorHelper.swift in Sources */ = {isa = PBXBuildFile; fileRef = 63BBABB51C7CD6210014768A /* ColorHelper.swift */; };
		63C257391C9A00AE003C4C81 /* LayerKit.framework in Frameworks */ = {isa = PBXBuildFile; fileRef = 63C257381C9A00AE003C4C81 /* LayerKit.framework */; };
		63F858201C63B22E00872B0D /* CampaignOrganizer.swift in Sources */ = {isa = PBXBuildFile; fileRef = 63F8581F1C63B22E00872B0D /* CampaignOrganizer.swift */; };
		63F95DBF1C5B8676003BCEE0 /* Auth.swift in Sources */ = {isa = PBXBuildFile; fileRef = 63F95DBE1C5B8676003BCEE0 /* Auth.swift */; };
		A80A643E1D464CDE00A41A41 /* ObjectValidator.swift in Sources */ = {isa = PBXBuildFile; fileRef = A80A643D1D464CDE00A41A41 /* ObjectValidator.swift */; };
		A80A64421D46534D00A41A41 /* DriftDateTransformer.swift in Sources */ = {isa = PBXBuildFile; fileRef = A80A64411D46534D00A41A41 /* DriftDateTransformer.swift */; };
		A80A64441D465E4800A41A41 /* InboxManager.swift in Sources */ = {isa = PBXBuildFile; fileRef = A80A64431D465E4800A41A41 /* InboxManager.swift */; };
		A80A64461D46655900A41A41 /* Inbox.swift in Sources */ = {isa = PBXBuildFile; fileRef = A80A64451D46655900A41A41 /* Inbox.swift */; };
		A80A64481D4665E500A41A41 /* Conversation.swift in Sources */ = {isa = PBXBuildFile; fileRef = A80A64471D4665E500A41A41 /* Conversation.swift */; };
		A80A644A1D46671B00A41A41 /* Message.swift in Sources */ = {isa = PBXBuildFile; fileRef = A80A64491D46671B00A41A41 /* Message.swift */; };
		A80A644C1D466B3600A41A41 /* InboxSubscription.swift in Sources */ = {isa = PBXBuildFile; fileRef = A80A644B1D466B3600A41A41 /* InboxSubscription.swift */; };
		A80A644E1D466B5E00A41A41 /* ConversationSubscription.swift in Sources */ = {isa = PBXBuildFile; fileRef = A80A644D1D466B5E00A41A41 /* ConversationSubscription.swift */; };
		A80A64501D466B7C00A41A41 /* MessageSubscription.swift in Sources */ = {isa = PBXBuildFile; fileRef = A80A644F1D466B7C00A41A41 /* MessageSubscription.swift */; };
		A82CCE0E1D4B731A0043D3C2 /* Attachment.swift in Sources */ = {isa = PBXBuildFile; fileRef = A82CCE0D1D4B731A0043D3C2 /* Attachment.swift */; };
		A82CF5681D42585D00D570FF /* ObjectMapper.framework in Frameworks */ = {isa = PBXBuildFile; fileRef = A82CF5671D42585D00D570FF /* ObjectMapper.framework */; };
		A83E41671D50D20800B4EA35 /* MessageTableHeaderView.xib in Resources */ = {isa = PBXBuildFile; fileRef = A83E41651D50D20800B4EA35 /* MessageTableHeaderView.xib */; };
		A83E41681D50D20800B4EA35 /* MessageTableHeaderView.swift in Sources */ = {isa = PBXBuildFile; fileRef = A83E41661D50D20800B4EA35 /* MessageTableHeaderView.swift */; };
		A85387161D4A4F5100C1D3C1 /* ConversationListViewController.swift in Sources */ = {isa = PBXBuildFile; fileRef = A85387141D4A4F5100C1D3C1 /* ConversationListViewController.swift */; };
		A85387171D4A4F5100C1D3C1 /* ConversationListViewController.xib in Resources */ = {isa = PBXBuildFile; fileRef = A85387151D4A4F5100C1D3C1 /* ConversationListViewController.xib */; };
		A853871B1D4A8EAE00C1D3C1 /* ConversationViewController.swift in Sources */ = {isa = PBXBuildFile; fileRef = A85387191D4A8EAE00C1D3C1 /* ConversationViewController.swift */; };
		A853871C1D4A8EAE00C1D3C1 /* ConversationViewController.xib in Resources */ = {isa = PBXBuildFile; fileRef = A853871A1D4A8EAE00C1D3C1 /* ConversationViewController.xib */; };
		A86A47251D50D53F008C59C0 /* DriftDateFormatter.swift in Sources */ = {isa = PBXBuildFile; fileRef = A86A47241D50D53F008C59C0 /* DriftDateFormatter.swift */; };
		A86C30C91D6120F0008DDE8D /* AttachmentCollectionViewCell.xib in Resources */ = {isa = PBXBuildFile; fileRef = A86C30C71D6120F0008DDE8D /* AttachmentCollectionViewCell.xib */; };
		A86C30CA1D6120F0008DDE8D /* AttachmentCollectionViewCell.swift in Sources */ = {isa = PBXBuildFile; fileRef = A86C30C81D6120F0008DDE8D /* AttachmentCollectionViewCell.swift */; };
		A8B0887E1D4F51DC00FFA469 /* ConversationMessageTableViewCell.swift in Sources */ = {isa = PBXBuildFile; fileRef = A8B0887C1D4F51DC00FFA469 /* ConversationMessageTableViewCell.swift */; };
		A8B0887F1D4F51DC00FFA469 /* ConversationMessageTableViewCell.xib in Resources */ = {isa = PBXBuildFile; fileRef = A8B0887D1D4F51DC00FFA469 /* ConversationMessageTableViewCell.xib */; };
		A8B088831D4F549400FFA469 /* ConversationImageTableViewCell.swift in Sources */ = {isa = PBXBuildFile; fileRef = A8B088811D4F549400FFA469 /* ConversationImageTableViewCell.swift */; };
		A8B088841D4F549400FFA469 /* ConversationImageTableViewCell.xib in Resources */ = {isa = PBXBuildFile; fileRef = A8B088821D4F549400FFA469 /* ConversationImageTableViewCell.xib */; };
		A8B088871D4F588E00FFA469 /* ConversationAttachmentsTableViewCell.swift in Sources */ = {isa = PBXBuildFile; fileRef = A8B088851D4F588E00FFA469 /* ConversationAttachmentsTableViewCell.swift */; };
		A8B088881D4F588E00FFA469 /* ConversationAttachmentsTableViewCell.xib in Resources */ = {isa = PBXBuildFile; fileRef = A8B088861D4F588E00FFA469 /* ConversationAttachmentsTableViewCell.xib */; };
		A8C6ADED1D632CD10024CFDC /* ConversationEmptyStateView.swift in Sources */ = {isa = PBXBuildFile; fileRef = A8C6ADEC1D632CD10024CFDC /* ConversationEmptyStateView.swift */; };
		A8C6ADEF1D632CED0024CFDC /* ConversationEmptyStateView.xib in Resources */ = {isa = PBXBuildFile; fileRef = A8C6ADEE1D632CED0024CFDC /* ConversationEmptyStateView.xib */; };
		A8DBDD281D4259BF00E827CF /* ObjectMapper.framework in Frameworks */ = {isa = PBXBuildFile; fileRef = A82CF5671D42585D00D570FF /* ObjectMapper.framework */; };
		A8F589A31D478F0A0043DB8D /* ConversationListTableViewCell.swift in Sources */ = {isa = PBXBuildFile; fileRef = A8F589A11D478F0A0043DB8D /* ConversationListTableViewCell.swift */; };
		A8F589A41D478F0A0043DB8D /* ConversationListTableViewCell.xib in Resources */ = {isa = PBXBuildFile; fileRef = A8F589A21D478F0A0043DB8D /* ConversationListTableViewCell.xib */; };
		B24E7E355476327343D34A70 /* Pods_Drift.framework in Frameworks */ = {isa = PBXBuildFile; fileRef = 827DB2871F99163085B5B96C /* Pods_Drift.framework */; };
/* End PBXBuildFile section */

/* Begin PBXContainerItemProxy section */
		634950E01C511A410097C474 /* PBXContainerItemProxy */ = {
			isa = PBXContainerItemProxy;
			containerPortal = 634950CB1C511A410097C474 /* Project object */;
			proxyType = 1;
			remoteGlobalIDString = 634950D31C511A410097C474;
			remoteInfo = Driftt;
		};
/* End PBXContainerItemProxy section */

/* Begin PBXCopyFilesBuildPhase section */
		634951201C511D5A0097C474 /* Copy Frameworks */ = {
			isa = PBXCopyFilesBuildPhase;
			buildActionMask = 2147483647;
			dstPath = "";
			dstSubfolderSpec = 10;
			files = (
			);
			name = "Copy Frameworks";
			runOnlyForDeploymentPostprocessing = 0;
		};
/* End PBXCopyFilesBuildPhase section */

/* Begin PBXFileReference section */
		2CF43EA21C7E045F008E6748 /* ColorPalette.swift */ = {isa = PBXFileReference; fileEncoding = 4; lastKnownFileType = sourcecode.swift; name = ColorPalette.swift; path = Drift/UI/ColorPalette.swift; sourceTree = SOURCE_ROOT; };
		2CF43EA61C7E056F008E6748 /* DriftImages.xcassets */ = {isa = PBXFileReference; lastKnownFileType = folder.assetcatalog; name = DriftImages.xcassets; path = Drift/UI/DriftImages.xcassets; sourceTree = SOURCE_ROOT; };
		376DB1A9D502953CD6D8325F /* Pods_DriftTests.framework */ = {isa = PBXFileReference; explicitFileType = wrapper.framework; includeInIndex = 0; path = Pods_DriftTests.framework; sourceTree = BUILT_PRODUCTS_DIR; };
		630205171C52A24E00C02F5E /* CampaignsManager.swift */ = {isa = PBXFileReference; fileEncoding = 4; lastKnownFileType = sourcecode.swift; name = CampaignsManager.swift; path = Drift/Managers/CampaignsManager.swift; sourceTree = SOURCE_ROOT; };
		630205191C52AC5100C02F5E /* DriftManager.swift */ = {isa = PBXFileReference; fileEncoding = 4; lastKnownFileType = sourcecode.swift; name = DriftManager.swift; path = Drift/Managers/DriftManager.swift; sourceTree = SOURCE_ROOT; };
		6302051B1C52AD7900C02F5E /* Embed.swift */ = {isa = PBXFileReference; fileEncoding = 4; lastKnownFileType = sourcecode.swift; name = Embed.swift; path = Drift/Models/Embed.swift; sourceTree = SOURCE_ROOT; };
		6302051D1C56739000C02F5E /* User.swift */ = {isa = PBXFileReference; fileEncoding = 4; lastKnownFileType = sourcecode.swift; name = User.swift; path = Drift/Models/User.swift; sourceTree = SOURCE_ROOT; };
		6306B51D1C5F91150003F9D3 /* NPSResponseAttributes.swift */ = {isa = PBXFileReference; fileEncoding = 4; lastKnownFileType = sourcecode.swift; name = NPSResponseAttributes.swift; path = Drift/Models/NPSResponseAttributes.swift; sourceTree = SOURCE_ROOT; };
		6306F41F1D6379CC00722D15 /* NewMessageView.swift */ = {isa = PBXFileReference; fileEncoding = 4; lastKnownFileType = sourcecode.swift; name = NewMessageView.swift; path = "Drift/UI/New Message View/NewMessageView.swift"; sourceTree = SOURCE_ROOT; };
		6306F4201D6379CC00722D15 /* NewMessageView.xib */ = {isa = PBXFileReference; fileEncoding = 4; lastKnownFileType = file.xib; name = NewMessageView.xib; path = "Drift/UI/New Message View/NewMessageView.xib"; sourceTree = SOURCE_ROOT; };
		6306F42D1D63E68800722D15 /* UserManager.swift */ = {isa = PBXFileReference; fileEncoding = 4; lastKnownFileType = sourcecode.swift; name = UserManager.swift; path = Drift/Managers/UserManager.swift; sourceTree = SOURCE_ROOT; };
		630E89611C57944400195062 /* PresentationManager.swift */ = {isa = PBXFileReference; fileEncoding = 4; lastKnownFileType = sourcecode.swift; name = PresentationManager.swift; path = Drift/Managers/PresentationManager.swift; sourceTree = SOURCE_ROOT; };
		630E89641C57B99000195062 /* AnnouncementView.xib */ = {isa = PBXFileReference; fileEncoding = 4; lastKnownFileType = file.xib; name = AnnouncementView.xib; path = Drift/UI/NotificationView/AnnouncementView.xib; sourceTree = SOURCE_ROOT; };
		630E89661C57B9AC00195062 /* AnnouncementView.swift */ = {isa = PBXFileReference; fileEncoding = 4; lastKnownFileType = sourcecode.swift; name = AnnouncementView.swift; path = Drift/UI/NotificationView/AnnouncementView.swift; sourceTree = SOURCE_ROOT; };
		630E89681C57C77300195062 /* NibLoader.swift */ = {isa = PBXFileReference; fileEncoding = 4; lastKnownFileType = sourcecode.swift; name = NibLoader.swift; path = Drift/UI/NibLoader.swift; sourceTree = SOURCE_ROOT; };
		630E896C1C57E63300195062 /* NPSView.swift */ = {isa = PBXFileReference; fileEncoding = 4; lastKnownFileType = sourcecode.swift; name = NPSView.swift; path = Drift/UI/NPS/NPSView.swift; sourceTree = SOURCE_ROOT; };
		630E896E1C57E64C00195062 /* NPSView.xib */ = {isa = PBXFileReference; fileEncoding = 4; lastKnownFileType = file.xib; name = NPSView.xib; path = Drift/UI/NPS/NPSView.xib; sourceTree = SOURCE_ROOT; };
		630E89701C57E90300195062 /* NPSButton.swift */ = {isa = PBXFileReference; fileEncoding = 4; lastKnownFileType = sourcecode.swift; name = NPSButton.swift; path = Drift/UI/NPS/NPSButton.swift; sourceTree = SOURCE_ROOT; };
		631164F61C6124CE00DF9AD9 /* RequestTests.swift */ = {isa = PBXFileReference; fileEncoding = 4; lastKnownFileType = sourcecode.swift; name = RequestTests.swift; path = DriftTests/RequestTests.swift; sourceTree = SOURCE_ROOT; };
		6311F3531C89D18100F1F438 /* APITests.swift */ = {isa = PBXFileReference; fileEncoding = 4; lastKnownFileType = sourcecode.swift; name = APITests.swift; path = DriftTests/APITests.swift; sourceTree = SOURCE_ROOT; };
		6329CABB1C58E6830059C678 /* NPSContainerView.swift */ = {isa = PBXFileReference; fileEncoding = 4; lastKnownFileType = sourcecode.swift; name = NPSContainerView.swift; path = "Drift/UI/NPS Container View/NPSContainerView.swift"; sourceTree = SOURCE_ROOT; };
		6329CABD1C58E68F0059C678 /* NPSContainerView.xib */ = {isa = PBXFileReference; fileEncoding = 4; lastKnownFileType = file.xib; name = NPSContainerView.xib; path = "Drift/UI/NPS Container View/NPSContainerView.xib"; sourceTree = SOURCE_ROOT; };
		6329CAC01C5933590059C678 /* NPSCommentView.xib */ = {isa = PBXFileReference; fileEncoding = 4; lastKnownFileType = file.xib; name = NPSCommentView.xib; path = "Drift/UI/NPS Comment View/NPSCommentView.xib"; sourceTree = SOURCE_ROOT; };
		6329CAC21C59336E0059C678 /* NPSCommentView.swift */ = {isa = PBXFileReference; fileEncoding = 4; lastKnownFileType = sourcecode.swift; name = NPSCommentView.swift; path = "Drift/UI/NPS Comment View/NPSCommentView.swift"; sourceTree = SOURCE_ROOT; };
		6329CAC41C5A91310059C678 /* DriftDataStore.swift */ = {isa = PBXFileReference; fileEncoding = 4; lastKnownFileType = sourcecode.swift; name = DriftDataStore.swift; path = Drift/Managers/DriftDataStore.swift; sourceTree = SOURCE_ROOT; };
		632EC55A1C7E070B00D703D4 /* ModelTests.swift */ = {isa = PBXFileReference; fileEncoding = 4; lastKnownFileType = sourcecode.swift; name = ModelTests.swift; path = DriftTests/ModelTests.swift; sourceTree = SOURCE_ROOT; };
		632EC55C1C7E088300D703D4 /* JSONStore.swift */ = {isa = PBXFileReference; fileEncoding = 4; lastKnownFileType = sourcecode.swift; name = JSONStore.swift; path = DriftTests/JSONStore.swift; sourceTree = SOURCE_ROOT; };
		63356A3D1C529C530064F652 /* Drift.h */ = {isa = PBXFileReference; fileEncoding = 4; lastKnownFileType = sourcecode.c.h; name = Drift.h; path = Drift/Drift.h; sourceTree = SOURCE_ROOT; };
		63356A3E1C529C530064F652 /* Info.plist */ = {isa = PBXFileReference; fileEncoding = 4; lastKnownFileType = text.plist.xml; name = Info.plist; path = Drift/Info.plist; sourceTree = SOURCE_ROOT; };
		63356A411C529C610064F652 /* Drift.swift */ = {isa = PBXFileReference; fileEncoding = 4; lastKnownFileType = sourcecode.swift; name = Drift.swift; path = Drift/Public/Drift.swift; sourceTree = SOURCE_ROOT; };
		63356A431C529C6C0064F652 /* APIManager.swift */ = {isa = PBXFileReference; fileEncoding = 4; lastKnownFileType = sourcecode.swift; name = APIManager.swift; path = Drift/Managers/APIManager.swift; sourceTree = SOURCE_ROOT; };
		63356A441C529C6C0064F652 /* LayerManager.swift */ = {isa = PBXFileReference; fileEncoding = 4; lastKnownFileType = sourcecode.swift; name = LayerManager.swift; path = Drift/Managers/LayerManager.swift; sourceTree = SOURCE_ROOT; };
		63356A471C529C760064F652 /* AnnouncementAttributes.swift */ = {isa = PBXFileReference; fileEncoding = 4; lastKnownFileType = sourcecode.swift; name = AnnouncementAttributes.swift; path = Drift/Models/AnnouncementAttributes.swift; sourceTree = SOURCE_ROOT; };
		63356A481C529C760064F652 /* CTA.swift */ = {isa = PBXFileReference; fileEncoding = 4; lastKnownFileType = sourcecode.swift; name = CTA.swift; path = Drift/Models/CTA.swift; sourceTree = SOURCE_ROOT; };
		63356A491C529C760064F652 /* Campaign.swift */ = {isa = PBXFileReference; fileEncoding = 4; lastKnownFileType = sourcecode.swift; name = Campaign.swift; path = Drift/Models/Campaign.swift; sourceTree = SOURCE_ROOT; };
		63356A4A1C529C760064F652 /* NPSAttributes.swift */ = {isa = PBXFileReference; fileEncoding = 4; lastKnownFileType = sourcecode.swift; name = NPSAttributes.swift; path = Drift/Models/NPSAttributes.swift; sourceTree = SOURCE_ROOT; };
		63356A501C529DD80064F652 /* Info.plist */ = {isa = PBXFileReference; fileEncoding = 4; lastKnownFileType = text.plist.xml; name = Info.plist; path = DriftTests/Info.plist; sourceTree = SOURCE_ROOT; };
		63356A531C52A0D20064F652 /* UIKit.framework */ = {isa = PBXFileReference; lastKnownFileType = wrapper.framework; name = UIKit.framework; path = System/Library/Frameworks/UIKit.framework; sourceTree = SDKROOT; };
		63359F9C1C774C22007321DA /* AnnouncementExpandedView.swift */ = {isa = PBXFileReference; fileEncoding = 4; lastKnownFileType = sourcecode.swift; name = AnnouncementExpandedView.swift; path = Drift/UI/NotificationView/AnnouncementExpandedView.swift; sourceTree = SOURCE_ROOT; };
		63359F9E1C774C31007321DA /* AnnouncementExpandedView.xib */ = {isa = PBXFileReference; fileEncoding = 4; lastKnownFileType = file.xib; name = AnnouncementExpandedView.xib; path = Drift/UI/NotificationView/AnnouncementExpandedView.xib; sourceTree = SOURCE_ROOT; };
		633920CF1C62514F00C3A3C2 /* CampaignResponseManager.swift */ = {isa = PBXFileReference; fileEncoding = 4; lastKnownFileType = sourcecode.swift; name = CampaignResponseManager.swift; path = Drift/Managers/CampaignResponseManager.swift; sourceTree = SOURCE_ROOT; };
		633920D41C62879100C3A3C2 /* CampaignView.swift */ = {isa = PBXFileReference; fileEncoding = 4; lastKnownFileType = sourcecode.swift; name = CampaignView.swift; path = Drift/UI/CampaignView.swift; sourceTree = SOURCE_ROOT; };
		634950D41C511A410097C474 /* Drift.framework */ = {isa = PBXFileReference; explicitFileType = wrapper.framework; includeInIndex = 0; path = Drift.framework; sourceTree = BUILT_PRODUCTS_DIR; };
		634950DE1C511A410097C474 /* DriftTests.xctest */ = {isa = PBXFileReference; explicitFileType = wrapper.cfbundle; includeInIndex = 0; path = DriftTests.xctest; sourceTree = BUILT_PRODUCTS_DIR; };
		636242691C7FBCB400632F0E /* NPSCompleteView.swift */ = {isa = PBXFileReference; fileEncoding = 4; lastKnownFileType = sourcecode.swift; name = NPSCompleteView.swift; path = "Drift/UI/NPS Complete View/NPSCompleteView.swift"; sourceTree = SOURCE_ROOT; };
		6362426B1C7FBCC300632F0E /* NPSCompleteView.xib */ = {isa = PBXFileReference; fileEncoding = 4; lastKnownFileType = file.xib; name = NPSCompleteView.xib; path = "Drift/UI/NPS Complete View/NPSCompleteView.xib"; sourceTree = SOURCE_ROOT; };
		638730991C7E85EF00105867 /* TopController.swift */ = {isa = PBXFileReference; fileEncoding = 4; lastKnownFileType = sourcecode.swift; name = TopController.swift; path = Drift/Helpers/TopController.swift; sourceTree = SOURCE_ROOT; };
		63BBABB31C7C9D850014768A /* ErrorManager.swift */ = {isa = PBXFileReference; fileEncoding = 4; lastKnownFileType = sourcecode.swift; name = ErrorManager.swift; path = Drift/Managers/ErrorManager.swift; sourceTree = SOURCE_ROOT; };
		63BBABB51C7CD6210014768A /* ColorHelper.swift */ = {isa = PBXFileReference; fileEncoding = 4; lastKnownFileType = sourcecode.swift; name = ColorHelper.swift; path = Drift/Helpers/ColorHelper.swift; sourceTree = SOURCE_ROOT; };
		63C257361C9A009E003C4C81 /* Gloss.framework */ = {isa = PBXFileReference; lastKnownFileType = wrapper.framework; name = Gloss.framework; path = Carthage/Build/iOS/Gloss.framework; sourceTree = "<group>"; };
		63C257381C9A00AE003C4C81 /* LayerKit.framework */ = {isa = PBXFileReference; lastKnownFileType = wrapper.framework; name = LayerKit.framework; path = "Carthage/Checkouts/releases-ios/LayerKit.framework"; sourceTree = "<group>"; };
		63F8581F1C63B22E00872B0D /* CampaignOrganizer.swift */ = {isa = PBXFileReference; fileEncoding = 4; lastKnownFileType = sourcecode.swift; name = CampaignOrganizer.swift; path = Drift/Models/CampaignOrganizer.swift; sourceTree = SOURCE_ROOT; };
		63F95DBE1C5B8676003BCEE0 /* Auth.swift */ = {isa = PBXFileReference; fileEncoding = 4; lastKnownFileType = sourcecode.swift; name = Auth.swift; path = Drift/Models/Auth.swift; sourceTree = SOURCE_ROOT; };
		6CA1C57137B58327E8ED453E /* Pods-Drift.release.xcconfig */ = {isa = PBXFileReference; includeInIndex = 1; lastKnownFileType = text.xcconfig; name = "Pods-Drift.release.xcconfig"; path = "Pods/Target Support Files/Pods-Drift/Pods-Drift.release.xcconfig"; sourceTree = "<group>"; };
		827DB2871F99163085B5B96C /* Pods_Drift.framework */ = {isa = PBXFileReference; explicitFileType = wrapper.framework; includeInIndex = 0; path = Pods_Drift.framework; sourceTree = BUILT_PRODUCTS_DIR; };
		8E01BE3EE4C4FBBC0B0CF127 /* Pods-DriftTests.debug.xcconfig */ = {isa = PBXFileReference; includeInIndex = 1; lastKnownFileType = text.xcconfig; name = "Pods-DriftTests.debug.xcconfig"; path = "Pods/Target Support Files/Pods-DriftTests/Pods-DriftTests.debug.xcconfig"; sourceTree = "<group>"; };
		A80A643D1D464CDE00A41A41 /* ObjectValidator.swift */ = {isa = PBXFileReference; fileEncoding = 4; lastKnownFileType = sourcecode.swift; name = ObjectValidator.swift; path = Drift/Helpers/ObjectValidator.swift; sourceTree = SOURCE_ROOT; };
		A80A64411D46534D00A41A41 /* DriftDateTransformer.swift */ = {isa = PBXFileReference; fileEncoding = 4; lastKnownFileType = sourcecode.swift; name = DriftDateTransformer.swift; path = Drift/Helpers/DriftDateTransformer.swift; sourceTree = SOURCE_ROOT; };
		A80A64431D465E4800A41A41 /* InboxManager.swift */ = {isa = PBXFileReference; fileEncoding = 4; lastKnownFileType = sourcecode.swift; name = InboxManager.swift; path = Drift/Managers/InboxManager.swift; sourceTree = SOURCE_ROOT; };
		A80A64451D46655900A41A41 /* Inbox.swift */ = {isa = PBXFileReference; fileEncoding = 4; lastKnownFileType = sourcecode.swift; name = Inbox.swift; path = Drift/Models/Inbox.swift; sourceTree = SOURCE_ROOT; };
		A80A64471D4665E500A41A41 /* Conversation.swift */ = {isa = PBXFileReference; fileEncoding = 4; lastKnownFileType = sourcecode.swift; name = Conversation.swift; path = Drift/Models/Conversation.swift; sourceTree = SOURCE_ROOT; };
		A80A64491D46671B00A41A41 /* Message.swift */ = {isa = PBXFileReference; fileEncoding = 4; lastKnownFileType = sourcecode.swift; name = Message.swift; path = Drift/Models/Message.swift; sourceTree = SOURCE_ROOT; };
		A80A644B1D466B3600A41A41 /* InboxSubscription.swift */ = {isa = PBXFileReference; fileEncoding = 4; lastKnownFileType = sourcecode.swift; name = InboxSubscription.swift; path = Drift/Models/InboxSubscription.swift; sourceTree = SOURCE_ROOT; };
		A80A644D1D466B5E00A41A41 /* ConversationSubscription.swift */ = {isa = PBXFileReference; fileEncoding = 4; lastKnownFileType = sourcecode.swift; name = ConversationSubscription.swift; path = Drift/Models/ConversationSubscription.swift; sourceTree = SOURCE_ROOT; };
		A80A644F1D466B7C00A41A41 /* MessageSubscription.swift */ = {isa = PBXFileReference; fileEncoding = 4; lastKnownFileType = sourcecode.swift; name = MessageSubscription.swift; path = Drift/Models/MessageSubscription.swift; sourceTree = SOURCE_ROOT; };
		A82CCE0D1D4B731A0043D3C2 /* Attachment.swift */ = {isa = PBXFileReference; fileEncoding = 4; lastKnownFileType = sourcecode.swift; name = Attachment.swift; path = Drift/Models/Attachment.swift; sourceTree = SOURCE_ROOT; };
		A82CF5671D42585D00D570FF /* ObjectMapper.framework */ = {isa = PBXFileReference; lastKnownFileType = wrapper.framework; name = ObjectMapper.framework; path = "../../../../Library/Developer/Xcode/DerivedData/Drift-fazaqbkkelkzfnbpeedxtxrmdjjs/Build/Products/Debug-iphonesimulator/ObjectMapper/ObjectMapper.framework"; sourceTree = "<group>"; };
		A83E41651D50D20800B4EA35 /* MessageTableHeaderView.xib */ = {isa = PBXFileReference; fileEncoding = 4; lastKnownFileType = file.xib; name = MessageTableHeaderView.xib; path = "Drift/UI/Conversation View/MessageTableHeaderView.xib"; sourceTree = SOURCE_ROOT; };
		A83E41661D50D20800B4EA35 /* MessageTableHeaderView.swift */ = {isa = PBXFileReference; fileEncoding = 4; lastKnownFileType = sourcecode.swift; name = MessageTableHeaderView.swift; path = "Drift/UI/Conversation View/MessageTableHeaderView.swift"; sourceTree = SOURCE_ROOT; };
		A85387141D4A4F5100C1D3C1 /* ConversationListViewController.swift */ = {isa = PBXFileReference; fileEncoding = 4; lastKnownFileType = sourcecode.swift; name = ConversationListViewController.swift; path = "Drift/UI/Conversation List View/ConversationListViewController.swift"; sourceTree = SOURCE_ROOT; };
		A85387151D4A4F5100C1D3C1 /* ConversationListViewController.xib */ = {isa = PBXFileReference; fileEncoding = 4; lastKnownFileType = file.xib; name = ConversationListViewController.xib; path = "Drift/UI/Conversation List View/ConversationListViewController.xib"; sourceTree = SOURCE_ROOT; };
		A85387191D4A8EAE00C1D3C1 /* ConversationViewController.swift */ = {isa = PBXFileReference; fileEncoding = 4; lastKnownFileType = sourcecode.swift; name = ConversationViewController.swift; path = "Drift/UI/Conversation View/ConversationViewController.swift"; sourceTree = SOURCE_ROOT; };
		A853871A1D4A8EAE00C1D3C1 /* ConversationViewController.xib */ = {isa = PBXFileReference; fileEncoding = 4; lastKnownFileType = file.xib; name = ConversationViewController.xib; path = "Drift/UI/Conversation View/ConversationViewController.xib"; sourceTree = SOURCE_ROOT; };
		A86A47241D50D53F008C59C0 /* DriftDateFormatter.swift */ = {isa = PBXFileReference; fileEncoding = 4; lastKnownFileType = sourcecode.swift; name = DriftDateFormatter.swift; path = Drift/Helpers/DriftDateFormatter.swift; sourceTree = SOURCE_ROOT; };
		A86C30C71D6120F0008DDE8D /* AttachmentCollectionViewCell.xib */ = {isa = PBXFileReference; fileEncoding = 4; lastKnownFileType = file.xib; name = AttachmentCollectionViewCell.xib; path = "Drift/UI/Conversation View/Conversation Cells/Attachment Cell/AttachmentCollectionViewCell.xib"; sourceTree = SOURCE_ROOT; };
		A86C30C81D6120F0008DDE8D /* AttachmentCollectionViewCell.swift */ = {isa = PBXFileReference; fileEncoding = 4; lastKnownFileType = sourcecode.swift; name = AttachmentCollectionViewCell.swift; path = "Drift/UI/Conversation View/Conversation Cells/Attachment Cell/AttachmentCollectionViewCell.swift"; sourceTree = SOURCE_ROOT; };
		A8B0887C1D4F51DC00FFA469 /* ConversationMessageTableViewCell.swift */ = {isa = PBXFileReference; fileEncoding = 4; lastKnownFileType = sourcecode.swift; name = ConversationMessageTableViewCell.swift; path = "Drift/UI/Conversation View/Conversation Cells/ConversationMessageTableViewCell.swift"; sourceTree = SOURCE_ROOT; };
		A8B0887D1D4F51DC00FFA469 /* ConversationMessageTableViewCell.xib */ = {isa = PBXFileReference; fileEncoding = 4; lastKnownFileType = file.xib; name = ConversationMessageTableViewCell.xib; path = "Drift/UI/Conversation View/Conversation Cells/ConversationMessageTableViewCell.xib"; sourceTree = SOURCE_ROOT; };
		A8B088811D4F549400FFA469 /* ConversationImageTableViewCell.swift */ = {isa = PBXFileReference; fileEncoding = 4; lastKnownFileType = sourcecode.swift; name = ConversationImageTableViewCell.swift; path = "Drift/UI/Conversation View/Conversation Cells/ConversationImageTableViewCell.swift"; sourceTree = SOURCE_ROOT; };
		A8B088821D4F549400FFA469 /* ConversationImageTableViewCell.xib */ = {isa = PBXFileReference; fileEncoding = 4; lastKnownFileType = file.xib; name = ConversationImageTableViewCell.xib; path = "Drift/UI/Conversation View/Conversation Cells/ConversationImageTableViewCell.xib"; sourceTree = SOURCE_ROOT; };
		A8B088851D4F588E00FFA469 /* ConversationAttachmentsTableViewCell.swift */ = {isa = PBXFileReference; fileEncoding = 4; lastKnownFileType = sourcecode.swift; name = ConversationAttachmentsTableViewCell.swift; path = "Drift/UI/Conversation View/Conversation Cells/ConversationAttachmentsTableViewCell.swift"; sourceTree = SOURCE_ROOT; };
		A8B088861D4F588E00FFA469 /* ConversationAttachmentsTableViewCell.xib */ = {isa = PBXFileReference; fileEncoding = 4; lastKnownFileType = file.xib; name = ConversationAttachmentsTableViewCell.xib; path = "Drift/UI/Conversation View/Conversation Cells/ConversationAttachmentsTableViewCell.xib"; sourceTree = SOURCE_ROOT; };
		A8C6ADEC1D632CD10024CFDC /* ConversationEmptyStateView.swift */ = {isa = PBXFileReference; fileEncoding = 4; lastKnownFileType = sourcecode.swift; name = ConversationEmptyStateView.swift; path = "Drift/UI/Conversation View/ConversationEmptyStateView.swift"; sourceTree = SOURCE_ROOT; };
		A8C6ADEE1D632CED0024CFDC /* ConversationEmptyStateView.xib */ = {isa = PBXFileReference; fileEncoding = 4; lastKnownFileType = file.xib; name = ConversationEmptyStateView.xib; path = "Drift/UI/Conversation View/ConversationEmptyStateView.xib"; sourceTree = SOURCE_ROOT; };
		A8F589A11D478F0A0043DB8D /* ConversationListTableViewCell.swift */ = {isa = PBXFileReference; fileEncoding = 4; lastKnownFileType = sourcecode.swift; name = ConversationListTableViewCell.swift; path = "Drift/UI/Conversation List View/List View Cell/ConversationListTableViewCell.swift"; sourceTree = SOURCE_ROOT; };
		A8F589A21D478F0A0043DB8D /* ConversationListTableViewCell.xib */ = {isa = PBXFileReference; fileEncoding = 4; lastKnownFileType = file.xib; name = ConversationListTableViewCell.xib; path = "Drift/UI/Conversation List View/List View Cell/ConversationListTableViewCell.xib"; sourceTree = SOURCE_ROOT; };
		B830EE3166A8EBB93E22850F /* Pods-DriftTests.release.xcconfig */ = {isa = PBXFileReference; includeInIndex = 1; lastKnownFileType = text.xcconfig; name = "Pods-DriftTests.release.xcconfig"; path = "Pods/Target Support Files/Pods-DriftTests/Pods-DriftTests.release.xcconfig"; sourceTree = "<group>"; };
		D05CA385937F3836AC8E1B8A /* Pods-Drift.debug.xcconfig */ = {isa = PBXFileReference; includeInIndex = 1; lastKnownFileType = text.xcconfig; name = "Pods-Drift.debug.xcconfig"; path = "Pods/Target Support Files/Pods-Drift/Pods-Drift.debug.xcconfig"; sourceTree = "<group>"; };
/* End PBXFileReference section */

/* Begin PBXFrameworksBuildPhase section */
		634950D01C511A410097C474 /* Frameworks */ = {
			isa = PBXFrameworksBuildPhase;
			buildActionMask = 2147483647;
			files = (
				A82CF5681D42585D00D570FF /* ObjectMapper.framework in Frameworks */,
				63356A541C52A0D20064F652 /* UIKit.framework in Frameworks */,
				63C257391C9A00AE003C4C81 /* LayerKit.framework in Frameworks */,
				B24E7E355476327343D34A70 /* Pods_Drift.framework in Frameworks */,
			);
			runOnlyForDeploymentPostprocessing = 0;
		};
		634950DB1C511A410097C474 /* Frameworks */ = {
			isa = PBXFrameworksBuildPhase;
			buildActionMask = 2147483647;
			files = (
				A8DBDD281D4259BF00E827CF /* ObjectMapper.framework in Frameworks */,
				634950DF1C511A410097C474 /* Drift.framework in Frameworks */,
				637E48FF1C9A08040067F105 /* LayerKit.framework in Frameworks */,
				1A30BE635C2A942A8D04344D /* Pods_DriftTests.framework in Frameworks */,
			);
			runOnlyForDeploymentPostprocessing = 0;
		};
/* End PBXFrameworksBuildPhase section */

/* Begin PBXGroup section */
		6306F41E1D63798700722D15 /* New Message View */ = {
			isa = PBXGroup;
			children = (
				6306F41F1D6379CC00722D15 /* NewMessageView.swift */,
				6306F4201D6379CC00722D15 /* NewMessageView.xib */,
			);
			name = "New Message View";
			sourceTree = "<group>";
		};
		630E89631C57B2E400195062 /* UI */ = {
			isa = PBXGroup;
			children = (
				6306F41E1D63798700722D15 /* New Message View */,
				A85387181D4A8E8000C1D3C1 /* Conversation View */,
				A80A64541D47779400A41A41 /* Conversation List View */,
				636242681C7FBC9700632F0E /* NPS Complete View */,
				2CF43EA61C7E056F008E6748 /* DriftImages.xcassets */,
				6329CABF1C5933400059C678 /* NPS Comment View */,
				6329CABA1C58E6540059C678 /* NPS ContainerView */,
				630E896B1C57E60400195062 /* NPS */,
				630E896A1C57E5F300195062 /* Announcement View */,
				630E89681C57C77300195062 /* NibLoader.swift */,
				2CF43EA21C7E045F008E6748 /* ColorPalette.swift */,
				633920D41C62879100C3A3C2 /* CampaignView.swift */,
			);
			name = UI;
			sourceTree = "<group>";
		};
		630E896A1C57E5F300195062 /* Announcement View */ = {
			isa = PBXGroup;
			children = (
				630E89641C57B99000195062 /* AnnouncementView.xib */,
				630E89661C57B9AC00195062 /* AnnouncementView.swift */,
				63359F9C1C774C22007321DA /* AnnouncementExpandedView.swift */,
				63359F9E1C774C31007321DA /* AnnouncementExpandedView.xib */,
			);
			name = "Announcement View";
			sourceTree = "<group>";
		};
		630E896B1C57E60400195062 /* NPS */ = {
			isa = PBXGroup;
			children = (
				630E896C1C57E63300195062 /* NPSView.swift */,
				630E896E1C57E64C00195062 /* NPSView.xib */,
				630E89701C57E90300195062 /* NPSButton.swift */,
			);
			name = NPS;
			sourceTree = "<group>";
		};
		6329CABA1C58E6540059C678 /* NPS ContainerView */ = {
			isa = PBXGroup;
			children = (
				6329CABB1C58E6830059C678 /* NPSContainerView.swift */,
				6329CABD1C58E68F0059C678 /* NPSContainerView.xib */,
			);
			name = "NPS ContainerView";
			sourceTree = "<group>";
		};
		6329CABF1C5933400059C678 /* NPS Comment View */ = {
			isa = PBXGroup;
			children = (
				6329CAC01C5933590059C678 /* NPSCommentView.xib */,
				6329CAC21C59336E0059C678 /* NPSCommentView.swift */,
			);
			name = "NPS Comment View";
			sourceTree = "<group>";
		};
		63356A2A1C5298760064F652 /* Models */ = {
			isa = PBXGroup;
			children = (
				63356A471C529C760064F652 /* AnnouncementAttributes.swift */,
				63356A481C529C760064F652 /* CTA.swift */,
				63356A491C529C760064F652 /* Campaign.swift */,
				63356A4A1C529C760064F652 /* NPSAttributes.swift */,
				6302051B1C52AD7900C02F5E /* Embed.swift */,
				6302051D1C56739000C02F5E /* User.swift */,
				63F95DBE1C5B8676003BCEE0 /* Auth.swift */,
				6306B51D1C5F91150003F9D3 /* NPSResponseAttributes.swift */,
				63F8581F1C63B22E00872B0D /* CampaignOrganizer.swift */,
				A80A64451D46655900A41A41 /* Inbox.swift */,
				A80A64471D4665E500A41A41 /* Conversation.swift */,
				A80A64491D46671B00A41A41 /* Message.swift */,
				A80A644B1D466B3600A41A41 /* InboxSubscription.swift */,
				A80A644D1D466B5E00A41A41 /* ConversationSubscription.swift */,
				A80A644F1D466B7C00A41A41 /* MessageSubscription.swift */,
				A82CCE0D1D4B731A0043D3C2 /* Attachment.swift */,
			);
			name = Models;
			sourceTree = "<group>";
		};
		633920D11C6268EE00C3A3C2 /* Helpers */ = {
			isa = PBXGroup;
			children = (
				63BBABB51C7CD6210014768A /* ColorHelper.swift */,
				638730991C7E85EF00105867 /* TopController.swift */,
				A80A643D1D464CDE00A41A41 /* ObjectValidator.swift */,
				A80A64411D46534D00A41A41 /* DriftDateTransformer.swift */,
				A86A47241D50D53F008C59C0 /* DriftDateFormatter.swift */,
			);
			name = Helpers;
			sourceTree = "<group>";
		};
		634950CA1C511A410097C474 = {
			isa = PBXGroup;
			children = (
				634950D61C511A410097C474 /* Drift */,
				634950E21C511A410097C474 /* DriftTests */,
				634950D51C511A410097C474 /* Products */,
				74DE7736A181ADE78FB587A2 /* Frameworks */,
				BDA453BC1886AFB2D80A1EF0 /* Pods */,
			);
			sourceTree = "<group>";
		};
		634950D51C511A410097C474 /* Products */ = {
			isa = PBXGroup;
			children = (
				634950D41C511A410097C474 /* Drift.framework */,
				634950DE1C511A410097C474 /* DriftTests.xctest */,
			);
			name = Products;
			sourceTree = "<group>";
		};
		634950D61C511A410097C474 /* Drift */ = {
			isa = PBXGroup;
			children = (
				633920D11C6268EE00C3A3C2 /* Helpers */,
				630E89631C57B2E400195062 /* UI */,
				63356A2A1C5298760064F652 /* Models */,
				634951271C51204C0097C474 /* Core */,
				634951261C5120440097C474 /* Public */,
				63356A3D1C529C530064F652 /* Drift.h */,
				63356A3E1C529C530064F652 /* Info.plist */,
			);
			name = Drift;
			path = Driftt;
			sourceTree = "<group>";
		};
		634950E21C511A410097C474 /* DriftTests */ = {
			isa = PBXGroup;
			children = (
				63356A501C529DD80064F652 /* Info.plist */,
				631164F61C6124CE00DF9AD9 /* RequestTests.swift */,
				6311F3531C89D18100F1F438 /* APITests.swift */,
				632EC55A1C7E070B00D703D4 /* ModelTests.swift */,
				632EC55C1C7E088300D703D4 /* JSONStore.swift */,
			);
			name = DriftTests;
			path = DrifttTests;
			sourceTree = "<group>";
		};
		634951261C5120440097C474 /* Public */ = {
			isa = PBXGroup;
			children = (
				63356A411C529C610064F652 /* Drift.swift */,
			);
			name = Public;
			sourceTree = "<group>";
		};
		634951271C51204C0097C474 /* Core */ = {
			isa = PBXGroup;
			children = (
				63356A431C529C6C0064F652 /* APIManager.swift */,
				63356A441C529C6C0064F652 /* LayerManager.swift */,
				630205171C52A24E00C02F5E /* CampaignsManager.swift */,
				630205191C52AC5100C02F5E /* DriftManager.swift */,
				630E89611C57944400195062 /* PresentationManager.swift */,
				6329CAC41C5A91310059C678 /* DriftDataStore.swift */,
				633920CF1C62514F00C3A3C2 /* CampaignResponseManager.swift */,
				63BBABB31C7C9D850014768A /* ErrorManager.swift */,
				A80A64431D465E4800A41A41 /* InboxManager.swift */,
				6306F42D1D63E68800722D15 /* UserManager.swift */,
			);
			name = Core;
			sourceTree = "<group>";
		};
		636242681C7FBC9700632F0E /* NPS Complete View */ = {
			isa = PBXGroup;
			children = (
				636242691C7FBCB400632F0E /* NPSCompleteView.swift */,
				6362426B1C7FBCC300632F0E /* NPSCompleteView.xib */,
			);
			name = "NPS Complete View";
			sourceTree = "<group>";
		};
		74DE7736A181ADE78FB587A2 /* Frameworks */ = {
			isa = PBXGroup;
			children = (
				A82CF5671D42585D00D570FF /* ObjectMapper.framework */,
				63C257381C9A00AE003C4C81 /* LayerKit.framework */,
				63C257361C9A009E003C4C81 /* Gloss.framework */,
				63356A531C52A0D20064F652 /* UIKit.framework */,
				827DB2871F99163085B5B96C /* Pods_Drift.framework */,
				376DB1A9D502953CD6D8325F /* Pods_DriftTests.framework */,
			);
			name = Frameworks;
			sourceTree = "<group>";
		};
		A80A64541D47779400A41A41 /* Conversation List View */ = {
			isa = PBXGroup;
			children = (
				A8F589A01D478ECD0043DB8D /* List View Cell */,
				A85387141D4A4F5100C1D3C1 /* ConversationListViewController.swift */,
				A85387151D4A4F5100C1D3C1 /* ConversationListViewController.xib */,
			);
			name = "Conversation List View";
			path = "Drift/UI/Conversation List View";
			sourceTree = "<group>";
		};
		A85387181D4A8E8000C1D3C1 /* Conversation View */ = {
			isa = PBXGroup;
			children = (
				A8B088801D4F51E300FFA469 /* Conversation Cells */,
				A85387191D4A8EAE00C1D3C1 /* ConversationViewController.swift */,
				A853871A1D4A8EAE00C1D3C1 /* ConversationViewController.xib */,
				A83E41661D50D20800B4EA35 /* MessageTableHeaderView.swift */,
				A83E41651D50D20800B4EA35 /* MessageTableHeaderView.xib */,
				A8C6ADEC1D632CD10024CFDC /* ConversationEmptyStateView.swift */,
				A8C6ADEE1D632CED0024CFDC /* ConversationEmptyStateView.xib */,
			);
			name = "Conversation View";
			sourceTree = "<group>";
		};
		A86C30C61D61209F008DDE8D /* Attachment Cell */ = {
			isa = PBXGroup;
			children = (
				A86C30C71D6120F0008DDE8D /* AttachmentCollectionViewCell.xib */,
				A86C30C81D6120F0008DDE8D /* AttachmentCollectionViewCell.swift */,
			);
			path = "Attachment Cell";
			sourceTree = "<group>";
		};
		A8B088801D4F51E300FFA469 /* Conversation Cells */ = {
			isa = PBXGroup;
			children = (
				A86C30C61D61209F008DDE8D /* Attachment Cell */,
				A8B0887C1D4F51DC00FFA469 /* ConversationMessageTableViewCell.swift */,
				A8B0887D1D4F51DC00FFA469 /* ConversationMessageTableViewCell.xib */,
				A8B088811D4F549400FFA469 /* ConversationImageTableViewCell.swift */,
				A8B088821D4F549400FFA469 /* ConversationImageTableViewCell.xib */,
				A8B088851D4F588E00FFA469 /* ConversationAttachmentsTableViewCell.swift */,
				A8B088861D4F588E00FFA469 /* ConversationAttachmentsTableViewCell.xib */,
			);
			name = "Conversation Cells";
			path = "Drift/UI/Conversation View/Conversation Cells";
			sourceTree = "<group>";
		};
		A8F589A01D478ECD0043DB8D /* List View Cell */ = {
			isa = PBXGroup;
			children = (
				A8F589A11D478F0A0043DB8D /* ConversationListTableViewCell.swift */,
				A8F589A21D478F0A0043DB8D /* ConversationListTableViewCell.xib */,
			);
			path = "List View Cell";
			sourceTree = "<group>";
		};
		BDA453BC1886AFB2D80A1EF0 /* Pods */ = {
			isa = PBXGroup;
			children = (
				D05CA385937F3836AC8E1B8A /* Pods-Drift.debug.xcconfig */,
				6CA1C57137B58327E8ED453E /* Pods-Drift.release.xcconfig */,
				8E01BE3EE4C4FBBC0B0CF127 /* Pods-DriftTests.debug.xcconfig */,
				B830EE3166A8EBB93E22850F /* Pods-DriftTests.release.xcconfig */,
			);
			name = Pods;
			sourceTree = "<group>";
		};
/* End PBXGroup section */

/* Begin PBXHeadersBuildPhase section */
		634950D11C511A410097C474 /* Headers */ = {
			isa = PBXHeadersBuildPhase;
			buildActionMask = 2147483647;
			files = (
				63356A3F1C529C530064F652 /* Drift.h in Headers */,
			);
			runOnlyForDeploymentPostprocessing = 0;
		};
/* End PBXHeadersBuildPhase section */

/* Begin PBXNativeTarget section */
		634950D31C511A410097C474 /* Drift */ = {
			isa = PBXNativeTarget;
			buildConfigurationList = 634950E81C511A410097C474 /* Build configuration list for PBXNativeTarget "Drift" */;
			buildPhases = (
				A99DC3508C7DE9FC0A16003C /* [CP] Check Pods Manifest.lock */,
				634950CF1C511A410097C474 /* Sources */,
				634950D01C511A410097C474 /* Frameworks */,
				634950D11C511A410097C474 /* Headers */,
				634950D21C511A410097C474 /* Resources */,
				634951201C511D5A0097C474 /* Copy Frameworks */,
				630144FD1C9A117F002812AB /* Carthage */,
				F24C6A9D00716292A2BE066D /* [CP] Copy Pods Resources */,
			);
			buildRules = (
			);
			dependencies = (
			);
			name = Drift;
			productName = Driftt;
			productReference = 634950D41C511A410097C474 /* Drift.framework */;
			productType = "com.apple.product-type.framework";
		};
		634950DD1C511A410097C474 /* DriftTests */ = {
			isa = PBXNativeTarget;
			buildConfigurationList = 634950EB1C511A410097C474 /* Build configuration list for PBXNativeTarget "DriftTests" */;
			buildPhases = (
				F4796389BBF7812A125D4B21 /* [CP] Check Pods Manifest.lock */,
				634950DA1C511A410097C474 /* Sources */,
				634950DB1C511A410097C474 /* Frameworks */,
				634950DC1C511A410097C474 /* Resources */,
				630144FC1C9A0F21002812AB /* ShellScript */,
				EF46B69169D466EA66772977 /* [CP] Embed Pods Frameworks */,
				571AB5D9D219E60CCD8F04D5 /* [CP] Copy Pods Resources */,
			);
			buildRules = (
			);
			dependencies = (
				634950E11C511A410097C474 /* PBXTargetDependency */,
			);
			name = DriftTests;
			productName = DrifttTests;
			productReference = 634950DE1C511A410097C474 /* DriftTests.xctest */;
			productType = "com.apple.product-type.bundle.unit-test";
		};
/* End PBXNativeTarget section */

/* Begin PBXProject section */
		634950CB1C511A410097C474 /* Project object */ = {
			isa = PBXProject;
			attributes = {
				LastSwiftUpdateCheck = 0720;
				LastUpgradeCheck = 0720;
				ORGANIZATIONNAME = Drift;
				TargetAttributes = {
					634950D31C511A410097C474 = {
						CreatedOnToolsVersion = 7.2;
					};
					634950DD1C511A410097C474 = {
						CreatedOnToolsVersion = 7.2;
					};
				};
			};
			buildConfigurationList = 634950CE1C511A410097C474 /* Build configuration list for PBXProject "Drift" */;
			compatibilityVersion = "Xcode 3.2";
			developmentRegion = English;
			hasScannedForEncodings = 0;
			knownRegions = (
				en,
			);
			mainGroup = 634950CA1C511A410097C474;
			productRefGroup = 634950D51C511A410097C474 /* Products */;
			projectDirPath = "";
			projectRoot = "";
			targets = (
				634950D31C511A410097C474 /* Drift */,
				634950DD1C511A410097C474 /* DriftTests */,
			);
		};
/* End PBXProject section */

/* Begin PBXResourcesBuildPhase section */
		634950D21C511A410097C474 /* Resources */ = {
			isa = PBXResourcesBuildPhase;
			buildActionMask = 2147483647;
			files = (
				630E896F1C57E64C00195062 /* NPSView.xib in Resources */,
				2CF43EA71C7E056F008E6748 /* DriftImages.xcassets in Resources */,
				A8B088881D4F588E00FFA469 /* ConversationAttachmentsTableViewCell.xib in Resources */,
				A8B0887F1D4F51DC00FFA469 /* ConversationMessageTableViewCell.xib in Resources */,
				A86C30C91D6120F0008DDE8D /* AttachmentCollectionViewCell.xib in Resources */,
				A8C6ADEF1D632CED0024CFDC /* ConversationEmptyStateView.xib in Resources */,
				630E89651C57B99000195062 /* AnnouncementView.xib in Resources */,
				63359F9F1C774C31007321DA /* AnnouncementExpandedView.xib in Resources */,
				A85387171D4A4F5100C1D3C1 /* ConversationListViewController.xib in Resources */,
				A853871C1D4A8EAE00C1D3C1 /* ConversationViewController.xib in Resources */,
				A83E41671D50D20800B4EA35 /* MessageTableHeaderView.xib in Resources */,
				6362426C1C7FBCC300632F0E /* NPSCompleteView.xib in Resources */,
				A8B088841D4F549400FFA469 /* ConversationImageTableViewCell.xib in Resources */,
				A8F589A41D478F0A0043DB8D /* ConversationListTableViewCell.xib in Resources */,
				6306F4221D6379CC00722D15 /* NewMessageView.xib in Resources */,
				6329CAC11C5933590059C678 /* NPSCommentView.xib in Resources */,
				6329CABE1C58E68F0059C678 /* NPSContainerView.xib in Resources */,
			);
			runOnlyForDeploymentPostprocessing = 0;
		};
		634950DC1C511A410097C474 /* Resources */ = {
			isa = PBXResourcesBuildPhase;
			buildActionMask = 2147483647;
			files = (
			);
			runOnlyForDeploymentPostprocessing = 0;
		};
/* End PBXResourcesBuildPhase section */

/* Begin PBXShellScriptBuildPhase section */
		571AB5D9D219E60CCD8F04D5 /* [CP] Copy Pods Resources */ = {
			isa = PBXShellScriptBuildPhase;
			buildActionMask = 2147483647;
			files = (
			);
			inputPaths = (
			);
			name = "[CP] Copy Pods Resources";
			outputPaths = (
			);
			runOnlyForDeploymentPostprocessing = 0;
			shellPath = /bin/sh;
			shellScript = "\"${SRCROOT}/Pods/Target Support Files/Pods-DriftTests/Pods-DriftTests-resources.sh\"\n";
			showEnvVarsInLog = 0;
		};
		630144FC1C9A0F21002812AB /* ShellScript */ = {
			isa = PBXShellScriptBuildPhase;
			buildActionMask = 2147483647;
			files = (
			);
			inputPaths = (
				"$(SRCROOT)/Carthage/Build/iOS/ObjectMapper.framework",
				"$(SRCROOT)/Carthage/Checkouts/releases-ios/LayerKit.framework",
			);
			outputPaths = (
			);
			runOnlyForDeploymentPostprocessing = 0;
			shellPath = /bin/sh;
			shellScript = "/usr/local/bin/carthage copy-frameworks";
		};
		630144FD1C9A117F002812AB /* Carthage */ = {
			isa = PBXShellScriptBuildPhase;
			buildActionMask = 2147483647;
			files = (
			);
			inputPaths = (
				"$(SRCROOT)/Carthage/Build/iOS/ObjectMapper.framework",
				"$(SRCROOT)/Carthage/Checkouts/releases-ios/LayerKit.framework",
			);
			name = Carthage;
			outputPaths = (
			);
			runOnlyForDeploymentPostprocessing = 0;
			shellPath = /bin/sh;
			shellScript = "/usr/local/bin/carthage copy-frameworks";
		};
		A99DC3508C7DE9FC0A16003C /* [CP] Check Pods Manifest.lock */ = {
			isa = PBXShellScriptBuildPhase;
			buildActionMask = 2147483647;
			files = (
			);
			inputPaths = (
			);
			name = "[CP] Check Pods Manifest.lock";
			outputPaths = (
			);
			runOnlyForDeploymentPostprocessing = 0;
			shellPath = /bin/sh;
			shellScript = "diff \"${PODS_ROOT}/../Podfile.lock\" \"${PODS_ROOT}/Manifest.lock\" > /dev/null\nif [[ $? != 0 ]] ; then\n    cat << EOM\nerror: The sandbox is not in sync with the Podfile.lock. Run 'pod install' or update your CocoaPods installation.\nEOM\n    exit 1\nfi\n";
			showEnvVarsInLog = 0;
		};
		EF46B69169D466EA66772977 /* [CP] Embed Pods Frameworks */ = {
			isa = PBXShellScriptBuildPhase;
			buildActionMask = 2147483647;
			files = (
			);
			inputPaths = (
			);
			name = "[CP] Embed Pods Frameworks";
			outputPaths = (
			);
			runOnlyForDeploymentPostprocessing = 0;
			shellPath = /bin/sh;
			shellScript = "\"${SRCROOT}/Pods/Target Support Files/Pods-DriftTests/Pods-DriftTests-frameworks.sh\"\n";
			showEnvVarsInLog = 0;
		};
		F24C6A9D00716292A2BE066D /* [CP] Copy Pods Resources */ = {
			isa = PBXShellScriptBuildPhase;
			buildActionMask = 2147483647;
			files = (
			);
			inputPaths = (
			);
			name = "[CP] Copy Pods Resources";
			outputPaths = (
			);
			runOnlyForDeploymentPostprocessing = 0;
			shellPath = /bin/sh;
			shellScript = "\"${SRCROOT}/Pods/Target Support Files/Pods-Drift/Pods-Drift-resources.sh\"\n";
			showEnvVarsInLog = 0;
		};
		F4796389BBF7812A125D4B21 /* [CP] Check Pods Manifest.lock */ = {
			isa = PBXShellScriptBuildPhase;
			buildActionMask = 2147483647;
			files = (
			);
			inputPaths = (
			);
			name = "[CP] Check Pods Manifest.lock";
			outputPaths = (
			);
			runOnlyForDeploymentPostprocessing = 0;
			shellPath = /bin/sh;
			shellScript = "diff \"${PODS_ROOT}/../Podfile.lock\" \"${PODS_ROOT}/Manifest.lock\" > /dev/null\nif [[ $? != 0 ]] ; then\n    cat << EOM\nerror: The sandbox is not in sync with the Podfile.lock. Run 'pod install' or update your CocoaPods installation.\nEOM\n    exit 1\nfi\n";
			showEnvVarsInLog = 0;
		};
/* End PBXShellScriptBuildPhase section */

/* Begin PBXSourcesBuildPhase section */
		634950CF1C511A410097C474 /* Sources */ = {
			isa = PBXSourcesBuildPhase;
			buildActionMask = 2147483647;
			files = (
				6329CABC1C58E6830059C678 /* NPSContainerView.swift in Sources */,
				63BBABB61C7CD6210014768A /* ColorHelper.swift in Sources */,
				633920D01C62514F00C3A3C2 /* CampaignResponseManager.swift in Sources */,
				A853871B1D4A8EAE00C1D3C1 /* ConversationViewController.swift in Sources */,
				A85387161D4A4F5100C1D3C1 /* ConversationListViewController.swift in Sources */,
				A80A64461D46655900A41A41 /* Inbox.swift in Sources */,
				63359F9D1C774C22007321DA /* AnnouncementExpandedView.swift in Sources */,
				630205181C52A24E00C02F5E /* CampaignsManager.swift in Sources */,
				630E896D1C57E63300195062 /* NPSView.swift in Sources */,
				6306F4211D6379CC00722D15 /* NewMessageView.swift in Sources */,
				6302051C1C52AD7900C02F5E /* Embed.swift in Sources */,
				A80A64421D46534D00A41A41 /* DriftDateTransformer.swift in Sources */,
				63356A4D1C529C760064F652 /* Campaign.swift in Sources */,
				630E89671C57B9AC00195062 /* AnnouncementView.swift in Sources */,
				A8B088871D4F588E00FFA469 /* ConversationAttachmentsTableViewCell.swift in Sources */,
				A8F589A31D478F0A0043DB8D /* ConversationListTableViewCell.swift in Sources */,
				A80A64481D4665E500A41A41 /* Conversation.swift in Sources */,
				63356A451C529C6C0064F652 /* APIManager.swift in Sources */,
				63356A421C529C610064F652 /* Drift.swift in Sources */,
				633920D51C62879100C3A3C2 /* CampaignView.swift in Sources */,
				2CF43EA31C7E045F008E6748 /* ColorPalette.swift in Sources */,
				63BBABB41C7C9D850014768A /* ErrorManager.swift in Sources */,
				630E89711C57E90300195062 /* NPSButton.swift in Sources */,
				63356A4C1C529C760064F652 /* CTA.swift in Sources */,
				A80A643E1D464CDE00A41A41 /* ObjectValidator.swift in Sources */,
				6387309A1C7E85EF00105867 /* TopController.swift in Sources */,
				A8B088831D4F549400FFA469 /* ConversationImageTableViewCell.swift in Sources */,
				A80A644E1D466B5E00A41A41 /* ConversationSubscription.swift in Sources */,
				A80A64441D465E4800A41A41 /* InboxManager.swift in Sources */,
				6302051A1C52AC5100C02F5E /* DriftManager.swift in Sources */,
				63F95DBF1C5B8676003BCEE0 /* Auth.swift in Sources */,
				A86C30CA1D6120F0008DDE8D /* AttachmentCollectionViewCell.swift in Sources */,
				A80A644C1D466B3600A41A41 /* InboxSubscription.swift in Sources */,
				6306F42E1D63E68800722D15 /* UserManager.swift in Sources */,
				6329CAC51C5A91310059C678 /* DriftDataStore.swift in Sources */,
				6362426A1C7FBCB400632F0E /* NPSCompleteView.swift in Sources */,
				6329CAC31C59336E0059C678 /* NPSCommentView.swift in Sources */,
				A80A644A1D46671B00A41A41 /* Message.swift in Sources */,
				630E89691C57C77300195062 /* NibLoader.swift in Sources */,
				630E89621C57944400195062 /* PresentationManager.swift in Sources */,
				63356A461C529C6C0064F652 /* LayerManager.swift in Sources */,
				A8B0887E1D4F51DC00FFA469 /* ConversationMessageTableViewCell.swift in Sources */,
				A8C6ADED1D632CD10024CFDC /* ConversationEmptyStateView.swift in Sources */,
				63356A4B1C529C760064F652 /* AnnouncementAttributes.swift in Sources */,
				A83E41681D50D20800B4EA35 /* MessageTableHeaderView.swift in Sources */,
				63356A4E1C529C760064F652 /* NPSAttributes.swift in Sources */,
				A86A47251D50D53F008C59C0 /* DriftDateFormatter.swift in Sources */,
				A82CCE0E1D4B731A0043D3C2 /* Attachment.swift in Sources */,
				6302051E1C56739000C02F5E /* User.swift in Sources */,
				6306B51E1C5F91150003F9D3 /* NPSResponseAttributes.swift in Sources */,
				A80A64501D466B7C00A41A41 /* MessageSubscription.swift in Sources */,
				63F858201C63B22E00872B0D /* CampaignOrganizer.swift in Sources */,
			);
			runOnlyForDeploymentPostprocessing = 0;
		};
		634950DA1C511A410097C474 /* Sources */ = {
			isa = PBXSourcesBuildPhase;
			buildActionMask = 2147483647;
			files = (
				632EC55D1C7E088300D703D4 /* JSONStore.swift in Sources */,
				632EC55B1C7E070B00D703D4 /* ModelTests.swift in Sources */,
				6311F3541C89D18100F1F438 /* APITests.swift in Sources */,
				631164F71C6124CE00DF9AD9 /* RequestTests.swift in Sources */,
			);
			runOnlyForDeploymentPostprocessing = 0;
		};
/* End PBXSourcesBuildPhase section */

/* Begin PBXTargetDependency section */
		634950E11C511A410097C474 /* PBXTargetDependency */ = {
			isa = PBXTargetDependency;
			target = 634950D31C511A410097C474 /* Drift */;
			targetProxy = 634950E01C511A410097C474 /* PBXContainerItemProxy */;
		};
/* End PBXTargetDependency section */

/* Begin XCBuildConfiguration section */
		634950E61C511A410097C474 /* Debug */ = {
			isa = XCBuildConfiguration;
			buildSettings = {
				ALWAYS_SEARCH_USER_PATHS = NO;
				CLANG_CXX_LANGUAGE_STANDARD = "gnu++0x";
				CLANG_CXX_LIBRARY = "libc++";
				CLANG_ENABLE_MODULES = YES;
				CLANG_ENABLE_OBJC_ARC = YES;
				CLANG_WARN_BOOL_CONVERSION = YES;
				CLANG_WARN_CONSTANT_CONVERSION = YES;
				CLANG_WARN_DIRECT_OBJC_ISA_USAGE = YES_ERROR;
				CLANG_WARN_EMPTY_BODY = YES;
				CLANG_WARN_ENUM_CONVERSION = YES;
				CLANG_WARN_INT_CONVERSION = YES;
				CLANG_WARN_OBJC_ROOT_CLASS = YES_ERROR;
				CLANG_WARN_UNREACHABLE_CODE = YES;
				CLANG_WARN__DUPLICATE_METHOD_MATCH = YES;
				"CODE_SIGN_IDENTITY[sdk=iphoneos*]" = "iPhone Developer";
				COPY_PHASE_STRIP = NO;
				CURRENT_PROJECT_VERSION = 1;
				DEBUG_INFORMATION_FORMAT = dwarf;
				ENABLE_STRICT_OBJC_MSGSEND = YES;
				ENABLE_TESTABILITY = YES;
				GCC_C_LANGUAGE_STANDARD = gnu99;
				GCC_DYNAMIC_NO_PIC = NO;
				GCC_NO_COMMON_BLOCKS = YES;
				GCC_OPTIMIZATION_LEVEL = 0;
				GCC_PREPROCESSOR_DEFINITIONS = (
					"DEBUG=1",
					"$(inherited)",
				);
				GCC_WARN_64_TO_32_BIT_CONVERSION = YES;
				GCC_WARN_ABOUT_RETURN_TYPE = YES_ERROR;
				GCC_WARN_UNDECLARED_SELECTOR = YES;
				GCC_WARN_UNINITIALIZED_AUTOS = YES_AGGRESSIVE;
				GCC_WARN_UNUSED_FUNCTION = YES;
				GCC_WARN_UNUSED_VARIABLE = YES;
				IPHONEOS_DEPLOYMENT_TARGET = 8.0;
				MTL_ENABLE_DEBUG_INFO = YES;
				ONLY_ACTIVE_ARCH = YES;
				SDKROOT = iphoneos;
				SWIFT_OPTIMIZATION_LEVEL = "-Onone";
				TARGETED_DEVICE_FAMILY = "1,2";
				VERSIONING_SYSTEM = "apple-generic";
				VERSION_INFO_PREFIX = "";
			};
			name = Debug;
		};
		634950E71C511A410097C474 /* Release */ = {
			isa = XCBuildConfiguration;
			buildSettings = {
				ALWAYS_SEARCH_USER_PATHS = NO;
				CLANG_CXX_LANGUAGE_STANDARD = "gnu++0x";
				CLANG_CXX_LIBRARY = "libc++";
				CLANG_ENABLE_MODULES = YES;
				CLANG_ENABLE_OBJC_ARC = YES;
				CLANG_WARN_BOOL_CONVERSION = YES;
				CLANG_WARN_CONSTANT_CONVERSION = YES;
				CLANG_WARN_DIRECT_OBJC_ISA_USAGE = YES_ERROR;
				CLANG_WARN_EMPTY_BODY = YES;
				CLANG_WARN_ENUM_CONVERSION = YES;
				CLANG_WARN_INT_CONVERSION = YES;
				CLANG_WARN_OBJC_ROOT_CLASS = YES_ERROR;
				CLANG_WARN_UNREACHABLE_CODE = YES;
				CLANG_WARN__DUPLICATE_METHOD_MATCH = YES;
				"CODE_SIGN_IDENTITY[sdk=iphoneos*]" = "iPhone Developer";
				COPY_PHASE_STRIP = NO;
				CURRENT_PROJECT_VERSION = 1;
				DEBUG_INFORMATION_FORMAT = "dwarf-with-dsym";
				ENABLE_NS_ASSERTIONS = NO;
				ENABLE_STRICT_OBJC_MSGSEND = YES;
				GCC_C_LANGUAGE_STANDARD = gnu99;
				GCC_NO_COMMON_BLOCKS = YES;
				GCC_WARN_64_TO_32_BIT_CONVERSION = YES;
				GCC_WARN_ABOUT_RETURN_TYPE = YES_ERROR;
				GCC_WARN_UNDECLARED_SELECTOR = YES;
				GCC_WARN_UNINITIALIZED_AUTOS = YES_AGGRESSIVE;
				GCC_WARN_UNUSED_FUNCTION = YES;
				GCC_WARN_UNUSED_VARIABLE = YES;
				IPHONEOS_DEPLOYMENT_TARGET = 8.0;
				MTL_ENABLE_DEBUG_INFO = NO;
				SDKROOT = iphoneos;
				TARGETED_DEVICE_FAMILY = "1,2";
				VALIDATE_PRODUCT = YES;
				VERSIONING_SYSTEM = "apple-generic";
				VERSION_INFO_PREFIX = "";
			};
			name = Release;
		};
		634950E91C511A410097C474 /* Debug */ = {
			isa = XCBuildConfiguration;
			baseConfigurationReference = D05CA385937F3836AC8E1B8A /* Pods-Drift.debug.xcconfig */;
			buildSettings = {
				CLANG_ENABLE_MODULES = YES;
				DEFINES_MODULE = YES;
				DYLIB_COMPATIBILITY_VERSION = 1;
				DYLIB_CURRENT_VERSION = 1;
				DYLIB_INSTALL_NAME_BASE = "@rpath";
				EMBEDDED_CONTENT_CONTAINS_SWIFT = YES;
				FRAMEWORK_SEARCH_PATHS = (
					"$(inherited)",
					"$(PROJECT_DIR)/Carthage/Build/iOS",
					"$(PROJECT_DIR)/Carthage/Checkouts/releases-ios",
				);
				INFOPLIST_FILE = Drift/Info.plist;
				INSTALL_PATH = "$(LOCAL_LIBRARY_DIR)/Frameworks";
				IPHONEOS_DEPLOYMENT_TARGET = 8.0;
				LD_RUNPATH_SEARCH_PATHS = "$(inherited) @executable_path/Frameworks @loader_path/Frameworks";
				PRODUCT_BUNDLE_IDENTIFIER = com.drift.Drift;
				PRODUCT_NAME = Drift;
				SKIP_INSTALL = YES;
				SWIFT_OPTIMIZATION_LEVEL = "-Onone";
			};
			name = Debug;
		};
		634950EA1C511A410097C474 /* Release */ = {
			isa = XCBuildConfiguration;
			baseConfigurationReference = 6CA1C57137B58327E8ED453E /* Pods-Drift.release.xcconfig */;
			buildSettings = {
				CLANG_ENABLE_MODULES = YES;
				DEFINES_MODULE = YES;
				DYLIB_COMPATIBILITY_VERSION = 1;
				DYLIB_CURRENT_VERSION = 1;
				DYLIB_INSTALL_NAME_BASE = "@rpath";
				EMBEDDED_CONTENT_CONTAINS_SWIFT = YES;
				FRAMEWORK_SEARCH_PATHS = (
					"$(inherited)",
					"$(PROJECT_DIR)/Carthage/Build/iOS",
					"$(PROJECT_DIR)/Carthage/Checkouts/releases-ios",
				);
				INFOPLIST_FILE = Drift/Info.plist;
				INSTALL_PATH = "$(LOCAL_LIBRARY_DIR)/Frameworks";
				IPHONEOS_DEPLOYMENT_TARGET = 8.0;
				LD_RUNPATH_SEARCH_PATHS = "$(inherited) @executable_path/Frameworks @loader_path/Frameworks";
				PRODUCT_BUNDLE_IDENTIFIER = com.drift.Drift;
				PRODUCT_NAME = Drift;
				SKIP_INSTALL = YES;
			};
			name = Release;
		};
		634950EC1C511A410097C474 /* Debug */ = {
			isa = XCBuildConfiguration;
			baseConfigurationReference = 8E01BE3EE4C4FBBC0B0CF127 /* Pods-DriftTests.debug.xcconfig */;
			buildSettings = {
				EMBEDDED_CONTENT_CONTAINS_SWIFT = YES;
				FRAMEWORK_SEARCH_PATHS = (
					"$(inherited)",
					"$(PROJECT_DIR)/Carthage/Checkouts/releases-ios",
					"$(PROJECT_DIR)/Carthage/Build/iOS",
				);
				INFOPLIST_FILE = DriftTests/Info.plist;
				LD_RUNPATH_SEARCH_PATHS = "$(inherited) @executable_path/Frameworks @loader_path/Frameworks";
				PRODUCT_BUNDLE_IDENTIFIER = com.drift.DriftTests;
				PRODUCT_NAME = DriftTests;
			};
			name = Debug;
		};
		634950ED1C511A410097C474 /* Release */ = {
			isa = XCBuildConfiguration;
			baseConfigurationReference = B830EE3166A8EBB93E22850F /* Pods-DriftTests.release.xcconfig */;
			buildSettings = {
				EMBEDDED_CONTENT_CONTAINS_SWIFT = YES;
				FRAMEWORK_SEARCH_PATHS = (
					"$(inherited)",
					"$(PROJECT_DIR)/Carthage/Checkouts/releases-ios",
					"$(PROJECT_DIR)/Carthage/Build/iOS",
				);
				INFOPLIST_FILE = DriftTests/Info.plist;
				LD_RUNPATH_SEARCH_PATHS = "$(inherited) @executable_path/Frameworks @loader_path/Frameworks";
				PRODUCT_BUNDLE_IDENTIFIER = com.drift.DriftTests;
				PRODUCT_NAME = DriftTests;
			};
			name = Release;
		};
/* End XCBuildConfiguration section */

/* Begin XCConfigurationList section */
		634950CE1C511A410097C474 /* Build configuration list for PBXProject "Drift" */ = {
			isa = XCConfigurationList;
			buildConfigurations = (
				634950E61C511A410097C474 /* Debug */,
				634950E71C511A410097C474 /* Release */,
			);
			defaultConfigurationIsVisible = 0;
			defaultConfigurationName = Release;
		};
		634950E81C511A410097C474 /* Build configuration list for PBXNativeTarget "Drift" */ = {
			isa = XCConfigurationList;
			buildConfigurations = (
				634950E91C511A410097C474 /* Debug */,
				634950EA1C511A410097C474 /* Release */,
			);
			defaultConfigurationIsVisible = 0;
			defaultConfigurationName = Release;
		};
		634950EB1C511A410097C474 /* Build configuration list for PBXNativeTarget "DriftTests" */ = {
			isa = XCConfigurationList;
			buildConfigurations = (
				634950EC1C511A410097C474 /* Debug */,
				634950ED1C511A410097C474 /* Release */,
			);
			defaultConfigurationIsVisible = 0;
			defaultConfigurationName = Release;
		};
/* End XCConfigurationList section */
	};
	rootObject = 634950CB1C511A410097C474 /* Project object */;
}
