PODS:
  - Alamofire (4.7.3)
  - AlamofireImage (3.4.1):
    - Alamofire (~> 4.7)
  - Drift (2.2.7):
    - AlamofireImage (~> 3.0)
    - ObjectMapper (~> 3.0)
    - Starscream
    - SVProgressHUD (~> 2.0)
  - ObjectMapper (3.3.0)
  - Starscream (3.0.5)
  - SVProgressHUD (2.2.5)

DEPENDENCIES:
  - Drift (from `../../Drift.podspec`)

SPEC REPOS:
  https://github.com/cocoapods/specs.git:
    - Alamofire
    - AlamofireImage
    - ObjectMapper
    - Starscream
    - SVProgressHUD

EXTERNAL SOURCES:
  Drift:
    :path: "../../Drift.podspec"

SPEC CHECKSUMS:
  Alamofire: c7287b6e5d7da964a70935e5db17046b7fde6568
  AlamofireImage: 78d67ccbb763d87ba44b21583d2153500a195630
  Drift: 46979e76b9d8c8015b17ad0d782c7df7f9731506
  ObjectMapper: b612bf8c8e99c4dc0bb6013a51f7c27966ed5da9
  Starscream: faf918b2f2eff7d5dd21180646bf015a669673bd
  SVProgressHUD: 1428aafac632c1f86f62aa4243ec12008d7a51d6

PODFILE CHECKSUM: 32c3227aad917f1ee3b890bb8103e9fbb3085801

COCOAPODS: 1.5.3
